// !$*UTF8*$!
{
	archiveVersion = 1;
	classes = {
	};
	objectVersion = 46;
	objects = {

/* Begin PBXBuildFile section */
		00FE38C46B601C5D88862B25 /* ofxFluidSetters.cpp in Sources */ = {isa = PBXBuildFile; fileRef = E70F304D5B8473401C4E5F92 /* ofxFluidSetters.cpp */; };
		0303333285E2EE813C52E842 /* ofxFluidDropdown.cpp in Sources */ = {isa = PBXBuildFile; fileRef = 7ED663A32A120A9898D72D69 /* ofxFluidDropdown.cpp */; };
		069960E802B5B9331627A100 /* FluidBuffer.cpp in Sources */ = {isa = PBXBuildFile; fileRef = 74AE736B45BEA60D49A6F13F /* FluidBuffer.cpp */; };
		07F4787D340F66B803F042C9 /* ofxFluidArea.cpp in Sources */ = {isa = PBXBuildFile; fileRef = BE0E8F2B1FDAEB592102E159 /* ofxFluidArea.cpp */; };
		18DBE3D854530593E923D3CE /* ofxFluidSystem.cpp in Sources */ = {isa = PBXBuildFile; fileRef = 55161FD52B8AA737036769AD /* ofxFluidSystem.cpp */; };
		1900BA8C78129880305F2C35 /* ofxFluidElement.cpp in Sources */ = {isa = PBXBuildFile; fileRef = 855D35C20587625355E629E8 /* ofxFluidElement.cpp */; };
		261E1382DCDD59BADF123277 /* ofxFluidButton.cpp in Sources */ = {isa = PBXBuildFile; fileRef = 85E022B142A3FCEDDB96E52C /* ofxFluidButton.cpp */; };
		2739A77C91A14694F541F0EF /* ofxFluidOptions.cpp in Sources */ = {isa = PBXBuildFile; fileRef = 15A86C7D04F2DE1B0A022FBD /* ofxFluidOptions.cpp */; };
		2DC2AE4C2B772C0DDFA3BC48 /* ofxFluidUpdate.cpp in Sources */ = {isa = PBXBuildFile; fileRef = 97456FD4530BE45CAA7899A7 /* ofxFluidUpdate.cpp */; };
		31E3B894509F0BFA4717DF4E /* FluidTracker.cpp in Sources */ = {isa = PBXBuildFile; fileRef = 124B09930BD9C087A119084A /* FluidTracker.cpp */; };
		33BAB4052A28D6E781CEAE7D /* ofxFluidTextbox.cpp in Sources */ = {isa = PBXBuildFile; fileRef = E37F4E4F0F9721DE3E4AB0C1 /* ofxFluidTextbox.cpp */; };
		3608FD596F2C52127660F5D1 /* ofxFluidVector.cpp in Sources */ = {isa = PBXBuildFile; fileRef = 7D3161E70D93C661DF900238 /* ofxFluidVector.cpp */; };
		363910C8C5382EEBE3F94EA9 /* ofxFluidGraph.cpp in Sources */ = {isa = PBXBuildFile; fileRef = 3338F76C5D68335C139DFE84 /* ofxFluidGraph.cpp */; };
		442D85BE8C8EE0C24B3A8086 /* ofxFluidRandomise.cpp in Sources */ = {isa = PBXBuildFile; fileRef = CBCC9A1D2EB8B32E2A934A18 /* ofxFluidRandomise.cpp */; };
		567A8E85CAD379B59206852D /* ofxTimeMeasurements.cpp in Sources */ = {isa = PBXBuildFile; fileRef = 113EC1656B3145FE1FA1B295 /* ofxTimeMeasurements.cpp */; };
		6141C77D1C2198F0F230ED5F /* ofxFluidAxisSlider.cpp in Sources */ = {isa = PBXBuildFile; fileRef = 140B091F9FBC9212FBBE7748 /* ofxFluidAxisSlider.cpp */; };
		621C7737141B704EC55DC025 /* ofxFluidAsset.cpp in Sources */ = {isa = PBXBuildFile; fileRef = 41A8ED04589A1F0A44B80067 /* ofxFluidAsset.cpp */; };
		64579D4C3D10439635FF7B91 /* ofxFluidSetup.cpp in Sources */ = {isa = PBXBuildFile; fileRef = D97FC062B95F96A590EBDB05 /* ofxFluidSetup.cpp */; };
		64D4EF00372195721B2C2C6D /* ofxFluidFonts.cpp in Sources */ = {isa = PBXBuildFile; fileRef = A135F1BAC94E749AE8AED5ED /* ofxFluidFonts.cpp */; };
		66B79DF989AC2C8D58600BBD /* ofxFluidJson.cpp in Sources */ = {isa = PBXBuildFile; fileRef = CB7899A074970459B63700AB /* ofxFluidJson.cpp */; };
		6D84B7B2177F432817EF8BA2 /* ofxFluidMatrix.cpp in Sources */ = {isa = PBXBuildFile; fileRef = 1964E1FFE12553B7B1E956B2 /* ofxFluidMatrix.cpp */; };
		7AE6C0B687FBC85E4A53077D /* ofxFluidPresets.cpp in Sources */ = {isa = PBXBuildFile; fileRef = 1A5F3C90005F16094726C262 /* ofxFluidPresets.cpp */; };
		84B94A49FBA790A8E860AAE0 /* ofxFluidTabs.cpp in Sources */ = {isa = PBXBuildFile; fileRef = C657AF958CFE8F1CE4928968 /* ofxFluidTabs.cpp */; };
		86C6E0676C61F8F081FE3EBD /* ofxFluidRange.cpp in Sources */ = {isa = PBXBuildFile; fileRef = 0768F4027C15664F12D1AA85 /* ofxFluidRange.cpp */; };
		8826ABE5E06DEB4E2DBFE33E /* ofxFluidBitmap.cpp in Sources */ = {isa = PBXBuildFile; fileRef = B5A51A88FE679D6021D3D7C5 /* ofxFluidBitmap.cpp */; };
		8C596988BC016853786FF08B /* ofxFluidSlider.cpp in Sources */ = {isa = PBXBuildFile; fileRef = C14FE5C91C97331AE122FBC1 /* ofxFluidSlider.cpp */; };
		8DDAA321B5FDE08854F05D98 /* ofxFluidDraw.cpp in Sources */ = {isa = PBXBuildFile; fileRef = 45970C442F8D1B000F187709 /* ofxFluidDraw.cpp */; };
		8E1E3EDC6E9DE451DA03FE09 /* ofxFluidToggle.cpp in Sources */ = {isa = PBXBuildFile; fileRef = 757505FB76EE1F02B277C993 /* ofxFluidToggle.cpp */; };
		902D87D17F21315B359B23B4 /* ofxFluidEvents.cpp in Sources */ = {isa = PBXBuildFile; fileRef = 07E06BB6944A9A7F87315856 /* ofxFluidEvents.cpp */; };
		92259EF85C7540D8A3EC4C3A /* ofxFluidUtils.cpp in Sources */ = {isa = PBXBuildFile; fileRef = D4C53DB5A5E9517E91B5EA37 /* ofxFluidUtils.cpp */; };
		968BC7596581909E234F5199 /* ofxFluidGroup.cpp in Sources */ = {isa = PBXBuildFile; fileRef = 216025112310AF05A4FC0CBB /* ofxFluidGroup.cpp */; };
		989E9BAAF863D987839563D8 /* ofxFluidViewer.cpp in Sources */ = {isa = PBXBuildFile; fileRef = 50F610499F8126E7C9A453BA /* ofxFluidViewer.cpp */; };
		9B30565CF3B9A3FC76186C4A /* ofxFluidTouchManager.cpp in Sources */ = {isa = PBXBuildFile; fileRef = B83CC1CFEB851BE40726E749 /* ofxFluidTouchManager.cpp */; };
		A15630012FE7BAC2038E24A7 /* ofxFluidLabel.cpp in Sources */ = {isa = PBXBuildFile; fileRef = E3C70411840CFC9C1EF926DC /* ofxFluidLabel.cpp */; };
		ABB613FB5008CC897EF4524E /* ofxFluidTheme.cpp in Sources */ = {isa = PBXBuildFile; fileRef = 59EBED2A9C8B7C6AC5D142A0 /* ofxFluidTheme.cpp */; };
		B078AE9647C80A0FD3447957 /* ofxFluidCore.cpp in Sources */ = {isa = PBXBuildFile; fileRef = A8DA6599153C644F6B2DABEE /* ofxFluidCore.cpp */; };
		B88A57B4B0BA6191EF3571E9 /* ofxSvg.cpp in Sources */ = {isa = PBXBuildFile; fileRef = B9E16009E1772C6D00B20013 /* ofxSvg.cpp */; };
		BB35B835C91E156DBCB9E3D3 /* ofxFluidBase.cpp in Sources */ = {isa = PBXBuildFile; fileRef = 739EC9A38CC64E6093C5891C /* ofxFluidBase.cpp */; };
		BE670D4CAC8C6CE3010F794F /* ofxFluidUtils.cpp in Sources */ = {isa = PBXBuildFile; fileRef = 0D264CE4F5B2676A655AF817 /* ofxFluidUtils.cpp */; };
		BEDFEE7400C58EA4E412B757 /* ofxJSONElement.cpp in Sources */ = {isa = PBXBuildFile; fileRef = F2B099E6BD1199664C48B177 /* ofxJSONElement.cpp */; };
		C7BB9AEF74854DC04D8766A2 /* ofxFluidAssetManager.cpp in Sources */ = {isa = PBXBuildFile; fileRef = 6398DAAA7A79CB9087A53AC2 /* ofxFluidAssetManager.cpp */; };
		C91AA88A11ACC2F88A12CDDC /* ofxFluidGetters.cpp in Sources */ = {isa = PBXBuildFile; fileRef = C4960DFBBB53E5C0E032D15D /* ofxFluidGetters.cpp */; };
		CCEE5B87A6AACC36F393CEE6 /* ofxFluidKnob.cpp in Sources */ = {isa = PBXBuildFile; fileRef = B47A72D4387AE95C963F5980 /* ofxFluidKnob.cpp */; };
		D39A8FE15CAB7E79BE085740 /* ofxFluidEvent.cpp in Sources */ = {isa = PBXBuildFile; fileRef = A3FDF73E60BBB392BC4F5B70 /* ofxFluidEvent.cpp */; };
		D6EC585F33295DA6A649E34E /* ofxFluidDimensions.cpp in Sources */ = {isa = PBXBuildFile; fileRef = 6C1BC6734563B9EC77F5F219 /* ofxFluidDimensions.cpp */; };
		E4328149138ABC9F0047C5CB /* openFrameworksDebug.a in Frameworks */ = {isa = PBXBuildFile; fileRef = E4328148138ABC890047C5CB /* openFrameworksDebug.a */; };
		E4B69E200A3A1BDC003C02F2 /* main.cpp in Sources */ = {isa = PBXBuildFile; fileRef = E4B69E1D0A3A1BDC003C02F2 /* main.cpp */; };
		E4B69E210A3A1BDC003C02F2 /* ofApp.cpp in Sources */ = {isa = PBXBuildFile; fileRef = E4B69E1E0A3A1BDC003C02F2 /* ofApp.cpp */; };
		E854A4ACBF866F6B9D0AFE48 /* ofxFluidDebug.cpp in Sources */ = {isa = PBXBuildFile; fileRef = EB0DB4522DC92F1E6AD02FBD /* ofxFluidDebug.cpp */; };
		F2D127151DFB05695C9C9F56 /* ofxFluidTraverse.cpp in Sources */ = {isa = PBXBuildFile; fileRef = 1557DE07799FF2AD566AA7A0 /* ofxFluidTraverse.cpp */; };
		FB84AAF8D1B7A95266DB5C09 /* jsoncpp.cpp in Sources */ = {isa = PBXBuildFile; fileRef = 21BDE665988474F1B1F4D302 /* jsoncpp.cpp */; };
/* End PBXBuildFile section */

/* Begin PBXContainerItemProxy section */
		E4328147138ABC890047C5CB /* PBXContainerItemProxy */ = {
			isa = PBXContainerItemProxy;
			containerPortal = E4328143138ABC890047C5CB /* openFrameworksLib.xcodeproj */;
			proxyType = 2;
			remoteGlobalIDString = E4B27C1510CBEB8E00536013;
			remoteInfo = openFrameworks;
		};
		E4EEB9AB138B136A00A80321 /* PBXContainerItemProxy */ = {
			isa = PBXContainerItemProxy;
			containerPortal = E4328143138ABC890047C5CB /* openFrameworksLib.xcodeproj */;
			proxyType = 1;
			remoteGlobalIDString = E4B27C1410CBEB8E00536013;
			remoteInfo = openFrameworks;
		};
/* End PBXContainerItemProxy section */

/* Begin PBXCopyFilesBuildPhase section */
		E4C2427710CC5ABF004149E2 /* CopyFiles */ = {
			isa = PBXCopyFilesBuildPhase;
			buildActionMask = 2147483647;
			dstPath = "";
			dstSubfolderSpec = 10;
			files = (
			);
			runOnlyForDeploymentPostprocessing = 0;
		};
/* End PBXCopyFilesBuildPhase section */

/* Begin PBXFileReference section */
		01C0AE67B65E3D57BCC6FA25 /* xpath.h */ = {isa = PBXFileReference; explicitFileType = sourcecode.c.h; fileEncoding = 4; name = xpath.h; path = ../../../addons/ofxSvg/libs/libxml2/include/libxml/xpath.h; sourceTree = SOURCE_ROOT; };
		0400653266497135E90EB913 /* FluidMesh.h */ = {isa = PBXFileReference; explicitFileType = sourcecode.c.h; fileEncoding = 4; name = FluidMesh.h; path = ../../../addons/ofxFluidTools/src/latest/FluidMesh.h; sourceTree = SOURCE_ROOT; };
		041694F7615BCBA3BBAF00F2 /* xmlschemastypes.h */ = {isa = PBXFileReference; explicitFileType = sourcecode.c.h; fileEncoding = 4; name = xmlschemastypes.h; path = ../../../addons/ofxSvg/libs/libxml2/include/libxml/xmlschemastypes.h; sourceTree = SOURCE_ROOT; };
		052ADD5D6B20B188FB77163A /* xmlversion.h */ = {isa = PBXFileReference; explicitFileType = sourcecode.c.h; fileEncoding = 4; name = xmlversion.h; path = ../../../addons/ofxSvg/libs/libxml2/include/libxml/xmlversion.h; sourceTree = SOURCE_ROOT; };
		0768F4027C15664F12D1AA85 /* ofxFluidRange.cpp */ = {isa = PBXFileReference; explicitFileType = sourcecode.cpp.cpp; fileEncoding = 4; name = ofxFluidRange.cpp; path = ../../../addons/ofxFluidUi/src/elements/ofxFluidRange.cpp; sourceTree = SOURCE_ROOT; };
		07E06BB6944A9A7F87315856 /* ofxFluidEvents.cpp */ = {isa = PBXFileReference; explicitFileType = sourcecode.cpp.cpp; fileEncoding = 4; name = ofxFluidEvents.cpp; path = ../../../addons/ofxFluidUi/src/core/ofxFluidEvents.cpp; sourceTree = SOURCE_ROOT; };
		0CDD7CD276D93C5D2EACF32D /* xinclude.h */ = {isa = PBXFileReference; explicitFileType = sourcecode.c.h; fileEncoding = 4; name = xinclude.h; path = ../../../addons/ofxSvg/libs/libxml2/include/libxml/xinclude.h; sourceTree = SOURCE_ROOT; };
		0D264CE4F5B2676A655AF817 /* ofxFluidUtils.cpp */ = {isa = PBXFileReference; explicitFileType = sourcecode.cpp.cpp; fileEncoding = 4; name = ofxFluidUtils.cpp; path = ../../../addons/ofxFluidUi/src/ofxFluidUtils.cpp; sourceTree = SOURCE_ROOT; };
		113EC1656B3145FE1FA1B295 /* ofxTimeMeasurements.cpp */ = {isa = PBXFileReference; explicitFileType = sourcecode.cpp.cpp; fileEncoding = 4; name = ofxTimeMeasurements.cpp; path = ../../../addons/ofxTimeMeasurements/src/ofxTimeMeasurements.cpp; sourceTree = SOURCE_ROOT; };
		1172A98FC5B78416541BCECD /* ofxFluidBase.h */ = {isa = PBXFileReference; explicitFileType = sourcecode.c.h; fileEncoding = 4; name = ofxFluidBase.h; path = ../../../addons/ofxFluidUi/src/ofxFluidBase.h; sourceTree = SOURCE_ROOT; };
		124B09930BD9C087A119084A /* FluidTracker.cpp */ = {isa = PBXFileReference; explicitFileType = sourcecode.cpp.cpp; fileEncoding = 4; name = FluidTracker.cpp; path = ../../../addons/ofxFluidTools/src/latest/FluidTracker.cpp; sourceTree = SOURCE_ROOT; };
		12FDE6FD42DC4BF9763E1D00 /* ofxTimeMeasurementsMacros.h */ = {isa = PBXFileReference; explicitFileType = sourcecode.c.h; fileEncoding = 4; name = ofxTimeMeasurementsMacros.h; path = ../../../addons/ofxTimeMeasurements/src/ofxTimeMeasurementsMacros.h; sourceTree = SOURCE_ROOT; };
		140B091F9FBC9212FBBE7748 /* ofxFluidAxisSlider.cpp */ = {isa = PBXFileReference; explicitFileType = sourcecode.cpp.cpp; fileEncoding = 4; name = ofxFluidAxisSlider.cpp; path = ../../../addons/ofxFluidUi/src/elements/ofxFluidAxisSlider.cpp; sourceTree = SOURCE_ROOT; };
		144016DE580D0223ECEF3793 /* ofxFluidAxisSlider.h */ = {isa = PBXFileReference; explicitFileType = sourcecode.c.h; fileEncoding = 4; name = ofxFluidAxisSlider.h; path = ../../../addons/ofxFluidUi/src/elements/ofxFluidAxisSlider.h; sourceTree = SOURCE_ROOT; };
		144DBB9FE6149744D484ECBA /* SAX2.h */ = {isa = PBXFileReference; explicitFileType = sourcecode.c.h; fileEncoding = 4; name = SAX2.h; path = ../../../addons/ofxSvg/libs/libxml2/include/libxml/SAX2.h; sourceTree = SOURCE_ROOT; };
		153C255BD229985A873793F5 /* ofxFluidSlider.h */ = {isa = PBXFileReference; explicitFileType = sourcecode.c.h; fileEncoding = 4; name = ofxFluidSlider.h; path = ../../../addons/ofxFluidUi/src/elements/ofxFluidSlider.h; sourceTree = SOURCE_ROOT; };
		1557DE07799FF2AD566AA7A0 /* ofxFluidTraverse.cpp */ = {isa = PBXFileReference; explicitFileType = sourcecode.cpp.cpp; fileEncoding = 4; name = ofxFluidTraverse.cpp; path = ../../../addons/ofxFluidUi/src/core/ofxFluidTraverse.cpp; sourceTree = SOURCE_ROOT; };
		15A86C7D04F2DE1B0A022FBD /* ofxFluidOptions.cpp */ = {isa = PBXFileReference; explicitFileType = sourcecode.cpp.cpp; fileEncoding = 4; name = ofxFluidOptions.cpp; path = ../../../addons/ofxFluidUi/src/core/ofxFluidOptions.cpp; sourceTree = SOURCE_ROOT; };
		15BDD2891E141B77920BA51E /* ofxFluidKnob.h */ = {isa = PBXFileReference; explicitFileType = sourcecode.c.h; fileEncoding = 4; name = ofxFluidKnob.h; path = ../../../addons/ofxFluidUi/src/elements/ofxFluidKnob.h; sourceTree = SOURCE_ROOT; };
		15BE28B59AC5D8F834CB322E /* ofxFluidBitmap.h */ = {isa = PBXFileReference; explicitFileType = sourcecode.c.h; fileEncoding = 4; name = ofxFluidBitmap.h; path = ../../../addons/ofxFluidUi/src/elements/ofxFluidBitmap.h; sourceTree = SOURCE_ROOT; };
		1645F56257269CD0356320BD /* ofxJSON.h */ = {isa = PBXFileReference; explicitFileType = sourcecode.c.h; fileEncoding = 4; name = ofxJSON.h; path = ../../../addons/ofxJSON/src/ofxJSON.h; sourceTree = SOURCE_ROOT; };
		1964E1FFE12553B7B1E956B2 /* ofxFluidMatrix.cpp */ = {isa = PBXFileReference; explicitFileType = sourcecode.cpp.cpp; fileEncoding = 4; name = ofxFluidMatrix.cpp; path = ../../../addons/ofxFluidUi/src/elements/ofxFluidMatrix.cpp; sourceTree = SOURCE_ROOT; };
		1A5F3C90005F16094726C262 /* ofxFluidPresets.cpp */ = {isa = PBXFileReference; explicitFileType = sourcecode.cpp.cpp; fileEncoding = 4; name = ofxFluidPresets.cpp; path = ../../../addons/ofxFluidUi/src/elements/ofxFluidPresets.cpp; sourceTree = SOURCE_ROOT; };
		1B3D494254BCADCAE7535FE6 /* FluidTracker.h */ = {isa = PBXFileReference; explicitFileType = sourcecode.c.h; fileEncoding = 4; name = FluidTracker.h; path = ../../../addons/ofxFluidTools/src/latest/FluidTracker.h; sourceTree = SOURCE_ROOT; };
		1B79CE6EE4E7D96C3FB01DBF /* ofxAutrColundi.h */ = {isa = PBXFileReference; explicitFileType = sourcecode.c.h; fileEncoding = 4; name = ofxAutrColundi.h; path = ../../../addons/ofxFluidTools/src/ofxAutrColundi.h; sourceTree = SOURCE_ROOT; };
		1DC5E28C19E807471683AD69 /* FluidCrunch.h */ = {isa = PBXFileReference; explicitFileType = sourcecode.c.h; fileEncoding = 4; name = FluidCrunch.h; path = ../../../addons/ofxFluidTools/src/latest/FluidCrunch.h; sourceTree = SOURCE_ROOT; };
		1E9D303AEBADAB79341690AA /* FluidShapes.h */ = {isa = PBXFileReference; explicitFileType = sourcecode.c.h; fileEncoding = 4; name = FluidShapes.h; path = ../../../addons/ofxFluidTools/src/sources/FluidShapes.h; sourceTree = SOURCE_ROOT; };
		216025112310AF05A4FC0CBB /* ofxFluidGroup.cpp */ = {isa = PBXFileReference; explicitFileType = sourcecode.cpp.cpp; fileEncoding = 4; name = ofxFluidGroup.cpp; path = ../../../addons/ofxFluidUi/src/ofxFluidGroup.cpp; sourceTree = SOURCE_ROOT; };
		21BDE665988474F1B1F4D302 /* jsoncpp.cpp */ = {isa = PBXFileReference; explicitFileType = sourcecode.cpp.cpp; fileEncoding = 4; name = jsoncpp.cpp; path = ../../../addons/ofxJSON/libs/jsoncpp/src/jsoncpp.cpp; sourceTree = SOURCE_ROOT; };
		2284D73EBA6A21465D38333C /* ofxFluidRandomise.h */ = {isa = PBXFileReference; explicitFileType = sourcecode.c.h; fileEncoding = 4; name = ofxFluidRandomise.h; path = ../../../addons/ofxFluidUi/src/elements/ofxFluidRandomise.h; sourceTree = SOURCE_ROOT; };
		22971C55A80288DE7E9FFAF8 /* c14n.h */ = {isa = PBXFileReference; explicitFileType = sourcecode.c.h; fileEncoding = 4; name = c14n.h; path = ../../../addons/ofxSvg/libs/libxml2/include/libxml/c14n.h; sourceTree = SOURCE_ROOT; };
		2560FDEA00518551A689C486 /* FluidEasing.h */ = {isa = PBXFileReference; explicitFileType = sourcecode.c.h; fileEncoding = 4; name = FluidEasing.h; path = ../../../addons/ofxFluidTools/src/tools/FluidEasing.h; sourceTree = SOURCE_ROOT; };
		26A541233BC6F736E758F718 /* ofxJSONElement.h */ = {isa = PBXFileReference; explicitFileType = sourcecode.c.h; fileEncoding = 4; name = ofxJSONElement.h; path = ../../../addons/ofxJSON/src/ofxJSONElement.h; sourceTree = SOURCE_ROOT; };
		281AEACBABA9F6873CA63383 /* encoding.h */ = {isa = PBXFileReference; explicitFileType = sourcecode.c.h; fileEncoding = 4; name = encoding.h; path = ../../../addons/ofxSvg/libs/libxml2/include/libxml/encoding.h; sourceTree = SOURCE_ROOT; };
		2C7CF000B7B4F782C187C353 /* json.h */ = {isa = PBXFileReference; explicitFileType = sourcecode.c.h; fileEncoding = 4; name = json.h; path = ../../../addons/ofxJSON/libs/jsoncpp/include/json/json.h; sourceTree = SOURCE_ROOT; };
		2CEFA25AE3361F056D14D4D2 /* ofxFluidUtils.h */ = {isa = PBXFileReference; explicitFileType = sourcecode.c.h; fileEncoding = 4; name = ofxFluidUtils.h; path = ../../../addons/ofxFluidUi/src/ofxFluidUtils.h; sourceTree = SOURCE_ROOT; };
		2D13799635BB152B8F1A4E9A /* chvalid.h */ = {isa = PBXFileReference; explicitFileType = sourcecode.c.h; fileEncoding = 4; name = chvalid.h; path = ../../../addons/ofxSvg/libs/libxml2/include/libxml/chvalid.h; sourceTree = SOURCE_ROOT; };
		31A5B5CAB5FA1DE871FEC47F /* ofxFluidLabel.h */ = {isa = PBXFileReference; explicitFileType = sourcecode.c.h; fileEncoding = 4; name = ofxFluidLabel.h; path = ../../../addons/ofxFluidUi/src/elements/ofxFluidLabel.h; sourceTree = SOURCE_ROOT; };
		3338F76C5D68335C139DFE84 /* ofxFluidGraph.cpp */ = {isa = PBXFileReference; explicitFileType = sourcecode.cpp.cpp; fileEncoding = 4; name = ofxFluidGraph.cpp; path = ../../../addons/ofxFluidUi/src/elements/ofxFluidGraph.cpp; sourceTree = SOURCE_ROOT; };
		375C1EB5EB0C6DB428BD21C4 /* xmlIO.h */ = {isa = PBXFileReference; explicitFileType = sourcecode.c.h; fileEncoding = 4; name = xmlIO.h; path = ../../../addons/ofxSvg/libs/libxml2/include/libxml/xmlIO.h; sourceTree = SOURCE_ROOT; };
		3CC768621A03B4F9FCF56AB5 /* ofxFluidDefinitions.h */ = {isa = PBXFileReference; explicitFileType = sourcecode.c.h; fileEncoding = 4; name = ofxFluidDefinitions.h; path = ../../../addons/ofxFluidUi/src/ofxFluidDefinitions.h; sourceTree = SOURCE_ROOT; };
		3DE7DC883ECEEEE46BC84579 /* pattern.h */ = {isa = PBXFileReference; explicitFileType = sourcecode.c.h; fileEncoding = 4; name = pattern.h; path = ../../../addons/ofxSvg/libs/libxml2/include/libxml/pattern.h; sourceTree = SOURCE_ROOT; };
		3F90A5DF7AB5A98B96859E80 /* ofxFluidAssetManager.h */ = {isa = PBXFileReference; explicitFileType = sourcecode.c.h; fileEncoding = 4; name = ofxFluidAssetManager.h; path = ../../../addons/ofxFluidUi/src/ofxFluidAssetManager.h; sourceTree = SOURCE_ROOT; };
		400353F90B793EFEEDC89CAE /* AutrVideoInput.h */ = {isa = PBXFileReference; explicitFileType = sourcecode.c.h; fileEncoding = 4; name = AutrVideoInput.h; path = ../../../addons/ofxFluidTools/src/sources/AutrVideoInput.h; sourceTree = SOURCE_ROOT; };
		41A6998A673F44D5BD784794 /* ofxFluidToggle.h */ = {isa = PBXFileReference; explicitFileType = sourcecode.c.h; fileEncoding = 4; name = ofxFluidToggle.h; path = ../../../addons/ofxFluidUi/src/elements/ofxFluidToggle.h; sourceTree = SOURCE_ROOT; };
		41A8ED04589A1F0A44B80067 /* ofxFluidAsset.cpp */ = {isa = PBXFileReference; explicitFileType = sourcecode.cpp.cpp; fileEncoding = 4; name = ofxFluidAsset.cpp; path = ../../../addons/ofxFluidUi/src/elements/ofxFluidAsset.cpp; sourceTree = SOURCE_ROOT; };
		45970C442F8D1B000F187709 /* ofxFluidDraw.cpp */ = {isa = PBXFileReference; explicitFileType = sourcecode.cpp.cpp; fileEncoding = 4; name = ofxFluidDraw.cpp; path = ../../../addons/ofxFluidUi/src/core/ofxFluidDraw.cpp; sourceTree = SOURCE_ROOT; };
		50F610499F8126E7C9A453BA /* ofxFluidViewer.cpp */ = {isa = PBXFileReference; explicitFileType = sourcecode.cpp.cpp; fileEncoding = 4; name = ofxFluidViewer.cpp; path = ../../../addons/ofxFluidUi/src/elements/ofxFluidViewer.cpp; sourceTree = SOURCE_ROOT; };
		52C2829CE23B146E1C6BE057 /* FluidScale.h */ = {isa = PBXFileReference; explicitFileType = sourcecode.c.h; fileEncoding = 4; name = FluidScale.h; path = ../../../addons/ofxFluidTools/src/tools/FluidScale.h; sourceTree = SOURCE_ROOT; };
		53D05984F46836E36C48B617 /* ofxTimeMeasurementsScoped.h */ = {isa = PBXFileReference; explicitFileType = sourcecode.c.h; fileEncoding = 4; name = ofxTimeMeasurementsScoped.h; path = ../../../addons/ofxTimeMeasurements/src/ofxTimeMeasurementsScoped.h; sourceTree = SOURCE_ROOT; };
		53EDBEC0FB17B731DC4F6BB4 /* FluidReceipt.h */ = {isa = PBXFileReference; explicitFileType = sourcecode.c.h; fileEncoding = 4; name = FluidReceipt.h; path = ../../../addons/ofxFluidTools/src/latest/FluidReceipt.h; sourceTree = SOURCE_ROOT; };
		54377E7FDB06F66CB4BEBB91 /* FluidTrigger.h */ = {isa = PBXFileReference; explicitFileType = sourcecode.c.h; fileEncoding = 4; name = FluidTrigger.h; path = ../../../addons/ofxFluidTools/src/tools/FluidTrigger.h; sourceTree = SOURCE_ROOT; };
		55161FD52B8AA737036769AD /* ofxFluidSystem.cpp */ = {isa = PBXFileReference; explicitFileType = sourcecode.cpp.cpp; fileEncoding = 4; name = ofxFluidSystem.cpp; path = ../../../addons/ofxFluidUi/src/core/ofxFluidSystem.cpp; sourceTree = SOURCE_ROOT; };
		56435AAC6DFE0BE0BF03F782 /* FluidClockLFO.h */ = {isa = PBXFileReference; explicitFileType = sourcecode.c.h; fileEncoding = 4; name = FluidClockLFO.h; path = ../../../addons/ofxFluidTools/src/tools/FluidClockLFO.h; sourceTree = SOURCE_ROOT; };
		56850FE6F91EC6754F6C8B33 /* HTMLparser.h */ = {isa = PBXFileReference; explicitFileType = sourcecode.c.h; fileEncoding = 4; name = HTMLparser.h; path = ../../../addons/ofxSvg/libs/libxml2/include/libxml/HTMLparser.h; sourceTree = SOURCE_ROOT; };
		56C38035679CEFF6F09AE81A /* GL_Measurement.h */ = {isa = PBXFileReference; explicitFileType = sourcecode.c.h; fileEncoding = 4; name = GL_Measurement.h; path = ../../../addons/ofxTimeMeasurements/src/GL_Measurement.h; sourceTree = SOURCE_ROOT; };
		59EBED2A9C8B7C6AC5D142A0 /* ofxFluidTheme.cpp */ = {isa = PBXFileReference; explicitFileType = sourcecode.cpp.cpp; fileEncoding = 4; name = ofxFluidTheme.cpp; path = ../../../addons/ofxFluidUi/src/core/ofxFluidTheme.cpp; sourceTree = SOURCE_ROOT; };
		5AC81D37E977C3921A197DFA /* xmlmodule.h */ = {isa = PBXFileReference; explicitFileType = sourcecode.c.h; fileEncoding = 4; name = xmlmodule.h; path = ../../../addons/ofxSvg/libs/libxml2/include/libxml/xmlmodule.h; sourceTree = SOURCE_ROOT; };
		61313493CDB52744E22A604D /* json-forwards.h */ = {isa = PBXFileReference; explicitFileType = sourcecode.c.h; fileEncoding = 4; name = "json-forwards.h"; path = "../../../addons/ofxJSON/libs/jsoncpp/include/json/json-forwards.h"; sourceTree = SOURCE_ROOT; };
		6398DAAA7A79CB9087A53AC2 /* ofxFluidAssetManager.cpp */ = {isa = PBXFileReference; explicitFileType = sourcecode.cpp.cpp; fileEncoding = 4; name = ofxFluidAssetManager.cpp; path = ../../../addons/ofxFluidUi/src/ofxFluidAssetManager.cpp; sourceTree = SOURCE_ROOT; };
		63F95B84BE144BC1612ED114 /* FluidFFT.h */ = {isa = PBXFileReference; explicitFileType = sourcecode.c.h; fileEncoding = 4; name = FluidFFT.h; path = ../../../addons/ofxFluidTools/src/tools/FluidFFT.h; sourceTree = SOURCE_ROOT; };
		66B0240E8FAA94E3CBDD22E6 /* relaxng.h */ = {isa = PBXFileReference; explicitFileType = sourcecode.c.h; fileEncoding = 4; name = relaxng.h; path = ../../../addons/ofxSvg/libs/libxml2/include/libxml/relaxng.h; sourceTree = SOURCE_ROOT; };
		6B5ACFDB6407BD4CB00DC08E /* ofxFluidViewer.h */ = {isa = PBXFileReference; explicitFileType = sourcecode.c.h; fileEncoding = 4; name = ofxFluidViewer.h; path = ../../../addons/ofxFluidUi/src/elements/ofxFluidViewer.h; sourceTree = SOURCE_ROOT; };
		6BDF526BC79D2EE13B58E68F /* ofxFluidElement.h */ = {isa = PBXFileReference; explicitFileType = sourcecode.c.h; fileEncoding = 4; name = ofxFluidElement.h; path = ../../../addons/ofxFluidUi/src/ofxFluidElement.h; sourceTree = SOURCE_ROOT; };
		6C1BC6734563B9EC77F5F219 /* ofxFluidDimensions.cpp */ = {isa = PBXFileReference; explicitFileType = sourcecode.cpp.cpp; fileEncoding = 4; name = ofxFluidDimensions.cpp; path = ../../../addons/ofxFluidUi/src/core/ofxFluidDimensions.cpp; sourceTree = SOURCE_ROOT; };
		6C7327601642F7AF5EAC3E93 /* nanohttp.h */ = {isa = PBXFileReference; explicitFileType = sourcecode.c.h; fileEncoding = 4; name = nanohttp.h; path = ../../../addons/ofxSvg/libs/libxml2/include/libxml/nanohttp.h; sourceTree = SOURCE_ROOT; };
		739E147D20FE8ADE03EDF261 /* tree.h */ = {isa = PBXFileReference; explicitFileType = sourcecode.c.h; fileEncoding = 4; name = tree.h; path = ../../../addons/ofxSvg/libs/libxml2/include/libxml/tree.h; sourceTree = SOURCE_ROOT; };
		739EC9A38CC64E6093C5891C /* ofxFluidBase.cpp */ = {isa = PBXFileReference; explicitFileType = sourcecode.cpp.cpp; fileEncoding = 4; name = ofxFluidBase.cpp; path = ../../../addons/ofxFluidUi/src/ofxFluidBase.cpp; sourceTree = SOURCE_ROOT; };
		744D7095DB2729C899F51683 /* xmlreader.h */ = {isa = PBXFileReference; explicitFileType = sourcecode.c.h; fileEncoding = 4; name = xmlreader.h; path = ../../../addons/ofxSvg/libs/libxml2/include/libxml/xmlreader.h; sourceTree = SOURCE_ROOT; };
		74AE736B45BEA60D49A6F13F /* FluidBuffer.cpp */ = {isa = PBXFileReference; explicitFileType = sourcecode.cpp.cpp; fileEncoding = 4; name = FluidBuffer.cpp; path = ../../../addons/ofxFluidTools/src/latest/FluidBuffer.cpp; sourceTree = SOURCE_ROOT; };
		74DFE545A3C59F0B7BB75497 /* xmlmemory.h */ = {isa = PBXFileReference; explicitFileType = sourcecode.c.h; fileEncoding = 4; name = xmlmemory.h; path = ../../../addons/ofxSvg/libs/libxml2/include/libxml/xmlmemory.h; sourceTree = SOURCE_ROOT; };
		757505FB76EE1F02B277C993 /* ofxFluidToggle.cpp */ = {isa = PBXFileReference; explicitFileType = sourcecode.cpp.cpp; fileEncoding = 4; name = ofxFluidToggle.cpp; path = ../../../addons/ofxFluidUi/src/elements/ofxFluidToggle.cpp; sourceTree = SOURCE_ROOT; };
		760687A5827CC4CC7269A329 /* xmlautomata.h */ = {isa = PBXFileReference; explicitFileType = sourcecode.c.h; fileEncoding = 4; name = xmlautomata.h; path = ../../../addons/ofxSvg/libs/libxml2/include/libxml/xmlautomata.h; sourceTree = SOURCE_ROOT; };
		78A718EFC090F3F340448CD4 /* xmlwriter.h */ = {isa = PBXFileReference; explicitFileType = sourcecode.c.h; fileEncoding = 4; name = xmlwriter.h; path = ../../../addons/ofxSvg/libs/libxml2/include/libxml/xmlwriter.h; sourceTree = SOURCE_ROOT; };
		7A5AF0992A91F6CA3A90B4CF /* FluidOpticalFlow.h */ = {isa = PBXFileReference; explicitFileType = sourcecode.c.h; fileEncoding = 4; name = FluidOpticalFlow.h; path = ../../../addons/ofxFluidTools/src/processors/FluidOpticalFlow.h; sourceTree = SOURCE_ROOT; };
		7B2B4CA71D6D14C678A82933 /* ofxAutrContourFinder.h */ = {isa = PBXFileReference; explicitFileType = sourcecode.c.h; fileEncoding = 4; name = ofxAutrContourFinder.h; path = ../../../addons/ofxFluidTools/src/ofxAutrContourFinder.h; sourceTree = SOURCE_ROOT; };
		7B8FF9804D9375B3CD7B3367 /* xmlschemas.h */ = {isa = PBXFileReference; explicitFileType = sourcecode.c.h; fileEncoding = 4; name = xmlschemas.h; path = ../../../addons/ofxSvg/libs/libxml2/include/libxml/xmlschemas.h; sourceTree = SOURCE_ROOT; };
		7D3161E70D93C661DF900238 /* ofxFluidVector.cpp */ = {isa = PBXFileReference; explicitFileType = sourcecode.cpp.cpp; fileEncoding = 4; name = ofxFluidVector.cpp; path = ../../../addons/ofxFluidUi/src/elements/ofxFluidVector.cpp; sourceTree = SOURCE_ROOT; };
		7ED663A32A120A9898D72D69 /* ofxFluidDropdown.cpp */ = {isa = PBXFileReference; explicitFileType = sourcecode.cpp.cpp; fileEncoding = 4; name = ofxFluidDropdown.cpp; path = ../../../addons/ofxFluidUi/src/elements/ofxFluidDropdown.cpp; sourceTree = SOURCE_ROOT; };
		7F2EF345DCCD3B1E17F771D1 /* FluidSource.h */ = {isa = PBXFileReference; explicitFileType = sourcecode.c.h; fileEncoding = 4; name = FluidSource.h; path = ../../../addons/ofxFluidTools/src/FluidSource.h; sourceTree = SOURCE_ROOT; };
		7FD04DD9F4601A139AAA9196 /* ofxFluidPresets.h */ = {isa = PBXFileReference; explicitFileType = sourcecode.c.h; fileEncoding = 4; name = ofxFluidPresets.h; path = ../../../addons/ofxFluidUi/src/elements/ofxFluidPresets.h; sourceTree = SOURCE_ROOT; };
		81F05D9C2EC43C31A68BBA7D /* FluidFace.h */ = {isa = PBXFileReference; explicitFileType = sourcecode.c.h; fileEncoding = 4; name = FluidFace.h; path = ../../../addons/ofxFluidTools/src/latest/FluidFace.h; sourceTree = SOURCE_ROOT; };
		8292090AA71D3979E1025CFC /* FluidRamp.h */ = {isa = PBXFileReference; explicitFileType = sourcecode.c.h; fileEncoding = 4; name = FluidRamp.h; path = ../../../addons/ofxFluidTools/src/tools/FluidRamp.h; sourceTree = SOURCE_ROOT; };
		83F10DECDFF16F9F1E67D731 /* ofxTimeMeasurements.h */ = {isa = PBXFileReference; explicitFileType = sourcecode.c.h; fileEncoding = 4; name = ofxTimeMeasurements.h; path = ../../../addons/ofxTimeMeasurements/src/ofxTimeMeasurements.h; sourceTree = SOURCE_ROOT; };
		855D35C20587625355E629E8 /* ofxFluidElement.cpp */ = {isa = PBXFileReference; explicitFileType = sourcecode.cpp.cpp; fileEncoding = 4; name = ofxFluidElement.cpp; path = ../../../addons/ofxFluidUi/src/ofxFluidElement.cpp; sourceTree = SOURCE_ROOT; };
		85E022B142A3FCEDDB96E52C /* ofxFluidButton.cpp */ = {isa = PBXFileReference; explicitFileType = sourcecode.cpp.cpp; fileEncoding = 4; name = ofxFluidButton.cpp; path = ../../../addons/ofxFluidUi/src/elements/ofxFluidButton.cpp; sourceTree = SOURCE_ROOT; };
		877612E1E8AB8BFAE6413F02 /* catalog.h */ = {isa = PBXFileReference; explicitFileType = sourcecode.c.h; fileEncoding = 4; name = catalog.h; path = ../../../addons/ofxSvg/libs/libxml2/include/libxml/catalog.h; sourceTree = SOURCE_ROOT; };
		8C17E037512CA06C7CB56A64 /* FluidAlphaMask.h */ = {isa = PBXFileReference; explicitFileType = sourcecode.c.h; fileEncoding = 4; name = FluidAlphaMask.h; path = ../../../addons/ofxFluidTools/src/processors/FluidAlphaMask.h; sourceTree = SOURCE_ROOT; };
		8D625C15518F63F78CC8C460 /* nanoftp.h */ = {isa = PBXFileReference; explicitFileType = sourcecode.c.h; fileEncoding = 4; name = nanoftp.h; path = ../../../addons/ofxSvg/libs/libxml2/include/libxml/nanoftp.h; sourceTree = SOURCE_ROOT; };
		8F7DF08EF2FC41CF2B97B7B9 /* xmlsave.h */ = {isa = PBXFileReference; explicitFileType = sourcecode.c.h; fileEncoding = 4; name = xmlsave.h; path = ../../../addons/ofxSvg/libs/libxml2/include/libxml/xmlsave.h; sourceTree = SOURCE_ROOT; };
		90506D36B85564BBE13F353E /* FluidBuffer.h */ = {isa = PBXFileReference; explicitFileType = sourcecode.c.h; fileEncoding = 4; name = FluidBuffer.h; path = ../../../addons/ofxFluidTools/src/latest/FluidBuffer.h; sourceTree = SOURCE_ROOT; };
		91995B32FD706EE27821D513 /* FluidServo.h */ = {isa = PBXFileReference; explicitFileType = sourcecode.c.h; fileEncoding = 4; name = FluidServo.h; path = ../../../addons/ofxFluidTools/src/latest/FluidServo.h; sourceTree = SOURCE_ROOT; };
		922ABE7FB109F214D12B621A /* FluidTool.h */ = {isa = PBXFileReference; explicitFileType = sourcecode.c.h; fileEncoding = 4; name = FluidTool.h; path = ../../../addons/ofxFluidTools/src/FluidTool.h; sourceTree = SOURCE_ROOT; };
		925A72597BF2E736A44B6AFD /* FluidLFO.h */ = {isa = PBXFileReference; explicitFileType = sourcecode.c.h; fileEncoding = 4; name = FluidLFO.h; path = ../../../addons/ofxFluidTools/src/tools/FluidLFO.h; sourceTree = SOURCE_ROOT; };
		93C3532B2FDBB3852C2A443D /* ofxFluidUi.h */ = {isa = PBXFileReference; explicitFileType = sourcecode.c.h; fileEncoding = 4; name = ofxFluidUi.h; path = ../../../addons/ofxFluidUi/src/ofxFluidUi.h; sourceTree = SOURCE_ROOT; };
		94C665884E32D842CB77B1F9 /* ofxFluidVector.h */ = {isa = PBXFileReference; explicitFileType = sourcecode.c.h; fileEncoding = 4; name = ofxFluidVector.h; path = ../../../addons/ofxFluidUi/src/elements/ofxFluidVector.h; sourceTree = SOURCE_ROOT; };
		9554769CA7302D13CEF02214 /* hash.h */ = {isa = PBXFileReference; explicitFileType = sourcecode.c.h; fileEncoding = 4; name = hash.h; path = ../../../addons/ofxSvg/libs/libxml2/include/libxml/hash.h; sourceTree = SOURCE_ROOT; };
		9664487B299DE3DAE4446F2E /* ofxFluidTabs.h */ = {isa = PBXFileReference; explicitFileType = sourcecode.c.h; fileEncoding = 4; name = ofxFluidTabs.h; path = ../../../addons/ofxFluidUi/src/elements/ofxFluidTabs.h; sourceTree = SOURCE_ROOT; };
		97456FD4530BE45CAA7899A7 /* ofxFluidUpdate.cpp */ = {isa = PBXFileReference; explicitFileType = sourcecode.cpp.cpp; fileEncoding = 4; name = ofxFluidUpdate.cpp; path = ../../../addons/ofxFluidUi/src/core/ofxFluidUpdate.cpp; sourceTree = SOURCE_ROOT; };
		98FAC428A9E588867DBAA559 /* schemasInternals.h */ = {isa = PBXFileReference; explicitFileType = sourcecode.c.h; fileEncoding = 4; name = schemasInternals.h; path = ../../../addons/ofxSvg/libs/libxml2/include/libxml/schemasInternals.h; sourceTree = SOURCE_ROOT; };
		99EEF400A87A3E7EE3294C70 /* HTMLtree.h */ = {isa = PBXFileReference; explicitFileType = sourcecode.c.h; fileEncoding = 4; name = HTMLtree.h; path = ../../../addons/ofxSvg/libs/libxml2/include/libxml/HTMLtree.h; sourceTree = SOURCE_ROOT; };
		9C7EC60217C685F32C86FDCB /* schematron.h */ = {isa = PBXFileReference; explicitFileType = sourcecode.c.h; fileEncoding = 4; name = schematron.h; path = ../../../addons/ofxSvg/libs/libxml2/include/libxml/schematron.h; sourceTree = SOURCE_ROOT; };
		9EBAD1FE06DDC823799AFC5C /* xpointer.h */ = {isa = PBXFileReference; explicitFileType = sourcecode.c.h; fileEncoding = 4; name = xpointer.h; path = ../../../addons/ofxSvg/libs/libxml2/include/libxml/xpointer.h; sourceTree = SOURCE_ROOT; };
		9F87082A71348050C074D612 /* FluidMedia.h */ = {isa = PBXFileReference; explicitFileType = sourcecode.c.h; fileEncoding = 4; name = FluidMedia.h; path = ../../../addons/ofxFluidTools/src/sources/FluidMedia.h; sourceTree = SOURCE_ROOT; };
		A135F1BAC94E749AE8AED5ED /* ofxFluidFonts.cpp */ = {isa = PBXFileReference; explicitFileType = sourcecode.cpp.cpp; fileEncoding = 4; name = ofxFluidFonts.cpp; path = ../../../addons/ofxFluidUi/src/core/ofxFluidFonts.cpp; sourceTree = SOURCE_ROOT; };
		A27F8429804314C60C80DB97 /* DOCBparser.h */ = {isa = PBXFileReference; explicitFileType = sourcecode.c.h; fileEncoding = 4; name = DOCBparser.h; path = ../../../addons/ofxSvg/libs/libxml2/include/libxml/DOCBparser.h; sourceTree = SOURCE_ROOT; };
		A3A48F0D132942DD6DD79063 /* FluidEaseLFO.h */ = {isa = PBXFileReference; explicitFileType = sourcecode.c.h; fileEncoding = 4; name = FluidEaseLFO.h; path = ../../../addons/ofxFluidTools/src/tools/FluidEaseLFO.h; sourceTree = SOURCE_ROOT; };
		A3FDF73E60BBB392BC4F5B70 /* ofxFluidEvent.cpp */ = {isa = PBXFileReference; explicitFileType = sourcecode.cpp.cpp; fileEncoding = 4; name = ofxFluidEvent.cpp; path = ../../../addons/ofxFluidUi/src/ofxFluidEvent.cpp; sourceTree = SOURCE_ROOT; };
		A43EF7AB47935BFC157A9578 /* ofxFluidEvent.h */ = {isa = PBXFileReference; explicitFileType = sourcecode.c.h; fileEncoding = 4; name = ofxFluidEvent.h; path = ../../../addons/ofxFluidUi/src/ofxFluidEvent.h; sourceTree = SOURCE_ROOT; };
		A4527E0B93D71A91DDB5F760 /* uri.h */ = {isa = PBXFileReference; explicitFileType = sourcecode.c.h; fileEncoding = 4; name = uri.h; path = ../../../addons/ofxSvg/libs/libxml2/include/libxml/uri.h; sourceTree = SOURCE_ROOT; };
		A6024883FE4A371F002A504D /* svgtiny.h */ = {isa = PBXFileReference; explicitFileType = sourcecode.c.h; fileEncoding = 4; name = svgtiny.h; path = ../../../addons/ofxSvg/libs/svgtiny/include/svgtiny.h; sourceTree = SOURCE_ROOT; };
		A6CC65086D4CC2C168250B25 /* debugXML.h */ = {isa = PBXFileReference; explicitFileType = sourcecode.c.h; fileEncoding = 4; name = debugXML.h; path = ../../../addons/ofxSvg/libs/libxml2/include/libxml/debugXML.h; sourceTree = SOURCE_ROOT; };
		A71E0E46F8584964D558EA06 /* ofxFluidButton.h */ = {isa = PBXFileReference; explicitFileType = sourcecode.c.h; fileEncoding = 4; name = ofxFluidButton.h; path = ../../../addons/ofxFluidUi/src/elements/ofxFluidButton.h; sourceTree = SOURCE_ROOT; };
		A8CAFB18FEBD22AC537DAE01 /* parserInternals.h */ = {isa = PBXFileReference; explicitFileType = sourcecode.c.h; fileEncoding = 4; name = parserInternals.h; path = ../../../addons/ofxSvg/libs/libxml2/include/libxml/parserInternals.h; sourceTree = SOURCE_ROOT; };
		A8DA6599153C644F6B2DABEE /* ofxFluidCore.cpp */ = {isa = PBXFileReference; explicitFileType = sourcecode.cpp.cpp; fileEncoding = 4; name = ofxFluidCore.cpp; path = ../../../addons/ofxFluidUi/src/ofxFluidCore.cpp; sourceTree = SOURCE_ROOT; };
		AAD21E96EB8906A7F371EC5E /* xmlstring.h */ = {isa = PBXFileReference; explicitFileType = sourcecode.c.h; fileEncoding = 4; name = xmlstring.h; path = ../../../addons/ofxSvg/libs/libxml2/include/libxml/xmlstring.h; sourceTree = SOURCE_ROOT; };
		ABB9AA641DD9B10FC5446923 /* ofxFluidTools.h */ = {isa = PBXFileReference; explicitFileType = sourcecode.c.h; fileEncoding = 4; name = ofxFluidTools.h; path = ../../../addons/ofxFluidTools/src/ofxFluidTools.h; sourceTree = SOURCE_ROOT; };
		AC4F7558678FB98F1CBB979F /* ofxFluidDropdown.h */ = {isa = PBXFileReference; explicitFileType = sourcecode.c.h; fileEncoding = 4; name = ofxFluidDropdown.h; path = ../../../addons/ofxFluidUi/src/elements/ofxFluidDropdown.h; sourceTree = SOURCE_ROOT; };
		AEB87A4DC6BA420DC0AC6D8A /* threads.h */ = {isa = PBXFileReference; explicitFileType = sourcecode.c.h; fileEncoding = 4; name = threads.h; path = ../../../addons/ofxSvg/libs/libxml2/include/libxml/threads.h; sourceTree = SOURCE_ROOT; };
		AFA630B75193CDD5F5BFCB78 /* xmlregexp.h */ = {isa = PBXFileReference; explicitFileType = sourcecode.c.h; fileEncoding = 4; name = xmlregexp.h; path = ../../../addons/ofxSvg/libs/libxml2/include/libxml/xmlregexp.h; sourceTree = SOURCE_ROOT; };
		B170FC7720BACCD0C41F4273 /* xmlunicode.h */ = {isa = PBXFileReference; explicitFileType = sourcecode.c.h; fileEncoding = 4; name = xmlunicode.h; path = ../../../addons/ofxSvg/libs/libxml2/include/libxml/xmlunicode.h; sourceTree = SOURCE_ROOT; };
		B25042C6FDB7966DEB1207BA /* FluidProcessor.h */ = {isa = PBXFileReference; explicitFileType = sourcecode.c.h; fileEncoding = 4; name = FluidProcessor.h; path = ../../../addons/ofxFluidTools/src/FluidProcessor.h; sourceTree = SOURCE_ROOT; };
		B2E11163DD8C864C48B85A54 /* parser.h */ = {isa = PBXFileReference; explicitFileType = sourcecode.c.h; fileEncoding = 4; name = parser.h; path = ../../../addons/ofxSvg/libs/libxml2/include/libxml/parser.h; sourceTree = SOURCE_ROOT; };
		B460CD0C9953F0279F64D31E /* ofxFluidVJ.h */ = {isa = PBXFileReference; explicitFileType = sourcecode.c.h; fileEncoding = 4; name = ofxFluidVJ.h; path = ../../../addons/ofxFluidTools/src/ofxFluidVJ.h; sourceTree = SOURCE_ROOT; };
		B47A72D4387AE95C963F5980 /* ofxFluidKnob.cpp */ = {isa = PBXFileReference; explicitFileType = sourcecode.cpp.cpp; fileEncoding = 4; name = ofxFluidKnob.cpp; path = ../../../addons/ofxFluidUi/src/elements/ofxFluidKnob.cpp; sourceTree = SOURCE_ROOT; };
		B5A51A88FE679D6021D3D7C5 /* ofxFluidBitmap.cpp */ = {isa = PBXFileReference; explicitFileType = sourcecode.cpp.cpp; fileEncoding = 4; name = ofxFluidBitmap.cpp; path = ../../../addons/ofxFluidUi/src/elements/ofxFluidBitmap.cpp; sourceTree = SOURCE_ROOT; };
		B83CC1CFEB851BE40726E749 /* ofxFluidTouchManager.cpp */ = {isa = PBXFileReference; explicitFileType = sourcecode.cpp.cpp; fileEncoding = 4; name = ofxFluidTouchManager.cpp; path = ../../../addons/ofxFluidUi/src/ofxFluidTouchManager.cpp; sourceTree = SOURCE_ROOT; };
		B8F6864728013FFBE6A3573F /* AutrCvInput.h */ = {isa = PBXFileReference; explicitFileType = sourcecode.c.h; fileEncoding = 4; name = AutrCvInput.h; path = ../../../addons/ofxFluidTools/src/sources/AutrCvInput.h; sourceTree = SOURCE_ROOT; };
		B9E16009E1772C6D00B20013 /* ofxSvg.cpp */ = {isa = PBXFileReference; explicitFileType = sourcecode.cpp.cpp; fileEncoding = 4; name = ofxSvg.cpp; path = ../../../addons/ofxSvg/src/ofxSvg.cpp; sourceTree = SOURCE_ROOT; };
		BE0E8F2B1FDAEB592102E159 /* ofxFluidArea.cpp */ = {isa = PBXFileReference; explicitFileType = sourcecode.cpp.cpp; fileEncoding = 4; name = ofxFluidArea.cpp; path = ../../../addons/ofxFluidUi/src/elements/ofxFluidArea.cpp; sourceTree = SOURCE_ROOT; };
		BF3003AC6A6BF2DA69742B84 /* ofxFluidRange.h */ = {isa = PBXFileReference; explicitFileType = sourcecode.c.h; fileEncoding = 4; name = ofxFluidRange.h; path = ../../../addons/ofxFluidUi/src/elements/ofxFluidRange.h; sourceTree = SOURCE_ROOT; };
		C04B2B5BE9E9B76000BF9973 /* xlink.h */ = {isa = PBXFileReference; explicitFileType = sourcecode.c.h; fileEncoding = 4; name = xlink.h; path = ../../../addons/ofxSvg/libs/libxml2/include/libxml/xlink.h; sourceTree = SOURCE_ROOT; };
		C14FE5C91C97331AE122FBC1 /* ofxFluidSlider.cpp */ = {isa = PBXFileReference; explicitFileType = sourcecode.cpp.cpp; fileEncoding = 4; name = ofxFluidSlider.cpp; path = ../../../addons/ofxFluidUi/src/elements/ofxFluidSlider.cpp; sourceTree = SOURCE_ROOT; };
		C1B0D8173B8A8897C8104C07 /* SAX.h */ = {isa = PBXFileReference; explicitFileType = sourcecode.c.h; fileEncoding = 4; name = SAX.h; path = ../../../addons/ofxSvg/libs/libxml2/include/libxml/SAX.h; sourceTree = SOURCE_ROOT; };
		C4960DFBBB53E5C0E032D15D /* ofxFluidGetters.cpp */ = {isa = PBXFileReference; explicitFileType = sourcecode.cpp.cpp; fileEncoding = 4; name = ofxFluidGetters.cpp; path = ../../../addons/ofxFluidUi/src/params/ofxFluidGetters.cpp; sourceTree = SOURCE_ROOT; };
		C61FC1419B9E7CF0348FADA9 /* list.h */ = {isa = PBXFileReference; explicitFileType = sourcecode.c.h; fileEncoding = 4; name = list.h; path = ../../../addons/ofxSvg/libs/libxml2/include/libxml/list.h; sourceTree = SOURCE_ROOT; };
		C657AF958CFE8F1CE4928968 /* ofxFluidTabs.cpp */ = {isa = PBXFileReference; explicitFileType = sourcecode.cpp.cpp; fileEncoding = 4; name = ofxFluidTabs.cpp; path = ../../../addons/ofxFluidUi/src/elements/ofxFluidTabs.cpp; sourceTree = SOURCE_ROOT; };
		CB7899A074970459B63700AB /* ofxFluidJson.cpp */ = {isa = PBXFileReference; explicitFileType = sourcecode.cpp.cpp; fileEncoding = 4; name = ofxFluidJson.cpp; path = ../../../addons/ofxFluidUi/src/params/ofxFluidJson.cpp; sourceTree = SOURCE_ROOT; };
		CBCC9A1D2EB8B32E2A934A18 /* ofxFluidRandomise.cpp */ = {isa = PBXFileReference; explicitFileType = sourcecode.cpp.cpp; fileEncoding = 4; name = ofxFluidRandomise.cpp; path = ../../../addons/ofxFluidUi/src/elements/ofxFluidRandomise.cpp; sourceTree = SOURCE_ROOT; };
		D079487CF769A59AD117448C /* FluidBrowser.h */ = {isa = PBXFileReference; explicitFileType = sourcecode.c.h; fileEncoding = 4; name = FluidBrowser.h; path = ../../../addons/ofxFluidTools/src/latest/FluidBrowser.h; sourceTree = SOURCE_ROOT; };
		D0B478E9CB565276AC786DD0 /* entities.h */ = {isa = PBXFileReference; explicitFileType = sourcecode.c.h; fileEncoding = 4; name = entities.h; path = ../../../addons/ofxSvg/libs/libxml2/include/libxml/entities.h; sourceTree = SOURCE_ROOT; };
		D102F231C6EA33B966B52F11 /* ofxFluidAsset.h */ = {isa = PBXFileReference; explicitFileType = sourcecode.c.h; fileEncoding = 4; name = ofxFluidAsset.h; path = ../../../addons/ofxFluidUi/src/elements/ofxFluidAsset.h; sourceTree = SOURCE_ROOT; };
		D23BF57489FB56B2FD90B7BA /* ofxFluidGroup.h */ = {isa = PBXFileReference; explicitFileType = sourcecode.c.h; fileEncoding = 4; name = ofxFluidGroup.h; path = ../../../addons/ofxFluidUi/src/ofxFluidGroup.h; sourceTree = SOURCE_ROOT; };
		D4C53DB5A5E9517E91B5EA37 /* ofxFluidUtils.cpp */ = {isa = PBXFileReference; explicitFileType = sourcecode.cpp.cpp; fileEncoding = 4; name = ofxFluidUtils.cpp; path = ../../../addons/ofxFluidUi/src/core/ofxFluidUtils.cpp; sourceTree = SOURCE_ROOT; };
		D59A8A228B2542FEDE81C675 /* dict.h */ = {isa = PBXFileReference; explicitFileType = sourcecode.c.h; fileEncoding = 4; name = dict.h; path = ../../../addons/ofxSvg/libs/libxml2/include/libxml/dict.h; sourceTree = SOURCE_ROOT; };
		D7B71AB14A2458377E3BA19B /* ofxFluidTouchManager.h */ = {isa = PBXFileReference; explicitFileType = sourcecode.c.h; fileEncoding = 4; name = ofxFluidTouchManager.h; path = ../../../addons/ofxFluidUi/src/ofxFluidTouchManager.h; sourceTree = SOURCE_ROOT; };
		D97FC062B95F96A590EBDB05 /* ofxFluidSetup.cpp */ = {isa = PBXFileReference; explicitFileType = sourcecode.cpp.cpp; fileEncoding = 4; name = ofxFluidSetup.cpp; path = ../../../addons/ofxFluidUi/src/core/ofxFluidSetup.cpp; sourceTree = SOURCE_ROOT; };
		DD6E0A156015959F8276FE0C /* ofxAutrCV.h */ = {isa = PBXFileReference; explicitFileType = sourcecode.c.h; fileEncoding = 4; name = ofxAutrCV.h; path = ../../../addons/ofxFluidTools/src/ofxAutrCV.h; sourceTree = SOURCE_ROOT; };
		DD8A180EA5BA8431BE11CB13 /* xmlexports.h */ = {isa = PBXFileReference; explicitFileType = sourcecode.c.h; fileEncoding = 4; name = xmlexports.h; path = ../../../addons/ofxSvg/libs/libxml2/include/libxml/xmlexports.h; sourceTree = SOURCE_ROOT; };
		DDD6EC53A002DEBFCEFEEA48 /* FluidMesh.h */ = {isa = PBXFileReference; explicitFileType = sourcecode.c.h; fileEncoding = 4; name = FluidMesh.h; path = ../../../addons/ofxFluidTools/src/processors/FluidMesh.h; sourceTree = SOURCE_ROOT; };
		E37F4E4F0F9721DE3E4AB0C1 /* ofxFluidTextbox.cpp */ = {isa = PBXFileReference; explicitFileType = sourcecode.cpp.cpp; fileEncoding = 4; name = ofxFluidTextbox.cpp; path = ../../../addons/ofxFluidUi/src/elements/ofxFluidTextbox.cpp; sourceTree = SOURCE_ROOT; };
		E3C70411840CFC9C1EF926DC /* ofxFluidLabel.cpp */ = {isa = PBXFileReference; explicitFileType = sourcecode.cpp.cpp; fileEncoding = 4; name = ofxFluidLabel.cpp; path = ../../../addons/ofxFluidUi/src/elements/ofxFluidLabel.cpp; sourceTree = SOURCE_ROOT; };
		E4328143138ABC890047C5CB /* openFrameworksLib.xcodeproj */ = {isa = PBXFileReference; lastKnownFileType = "wrapper.pb-project"; name = openFrameworksLib.xcodeproj; path = ../../../libs/openFrameworksCompiled/project/osx/openFrameworksLib.xcodeproj; sourceTree = SOURCE_ROOT; };
		E4B69B5B0A3A1756003C02F2 /* video-player-piDebug.app */ = {isa = PBXFileReference; explicitFileType = wrapper.application; includeInIndex = 0; path = "video-player-piDebug.app"; sourceTree = BUILT_PRODUCTS_DIR; };
		E4B69E1D0A3A1BDC003C02F2 /* main.cpp */ = {isa = PBXFileReference; fileEncoding = 4; lastKnownFileType = sourcecode.cpp.cpp; name = main.cpp; path = src/main.cpp; sourceTree = SOURCE_ROOT; };
		E4B69E1E0A3A1BDC003C02F2 /* ofApp.cpp */ = {isa = PBXFileReference; explicitFileType = sourcecode.cpp.cpp; fileEncoding = 4; name = ofApp.cpp; path = src/ofApp.cpp; sourceTree = SOURCE_ROOT; };
		E4B69E1F0A3A1BDC003C02F2 /* ofApp.h */ = {isa = PBXFileReference; fileEncoding = 4; lastKnownFileType = sourcecode.c.h; name = ofApp.h; path = src/ofApp.h; sourceTree = SOURCE_ROOT; };
		E4B6FCAD0C3E899E008CF71C /* openFrameworks-Info.plist */ = {isa = PBXFileReference; fileEncoding = 4; lastKnownFileType = text.plist.xml; path = "openFrameworks-Info.plist"; sourceTree = "<group>"; };
		E4EB691F138AFCF100A09F29 /* CoreOF.xcconfig */ = {isa = PBXFileReference; fileEncoding = 4; lastKnownFileType = text.xcconfig; name = CoreOF.xcconfig; path = ../../../libs/openFrameworksCompiled/project/osx/CoreOF.xcconfig; sourceTree = SOURCE_ROOT; };
		E4EB6923138AFD0F00A09F29 /* Project.xcconfig */ = {isa = PBXFileReference; fileEncoding = 4; lastKnownFileType = text.xcconfig; path = Project.xcconfig; sourceTree = "<group>"; };
		E70F304D5B8473401C4E5F92 /* ofxFluidSetters.cpp */ = {isa = PBXFileReference; explicitFileType = sourcecode.cpp.cpp; fileEncoding = 4; name = ofxFluidSetters.cpp; path = ../../../addons/ofxFluidUi/src/params/ofxFluidSetters.cpp; sourceTree = SOURCE_ROOT; };
		E8622628977452D4D6798A02 /* ofxFluidCore.h */ = {isa = PBXFileReference; explicitFileType = sourcecode.c.h; fileEncoding = 4; name = ofxFluidCore.h; path = ../../../addons/ofxFluidUi/src/ofxFluidCore.h; sourceTree = SOURCE_ROOT; };
		E91F55DEDD14B7F4BACED9B4 /* ofxSvg.h */ = {isa = PBXFileReference; explicitFileType = sourcecode.c.h; fileEncoding = 4; name = ofxSvg.h; path = ../../../addons/ofxSvg/src/ofxSvg.h; sourceTree = SOURCE_ROOT; };
		E9CA6979C2C32954EC307284 /* ofxAutrCompare.h */ = {isa = PBXFileReference; explicitFileType = sourcecode.c.h; fileEncoding = 4; name = ofxAutrCompare.h; path = ../../../addons/ofxFluidTools/src/ofxAutrCompare.h; sourceTree = SOURCE_ROOT; };
		EB0DB4522DC92F1E6AD02FBD /* ofxFluidDebug.cpp */ = {isa = PBXFileReference; explicitFileType = sourcecode.cpp.cpp; fileEncoding = 4; name = ofxFluidDebug.cpp; path = ../../../addons/ofxFluidUi/src/core/ofxFluidDebug.cpp; sourceTree = SOURCE_ROOT; };
		F0E59889B0BAA385CEDFFAB0 /* ofxFluidGraph.h */ = {isa = PBXFileReference; explicitFileType = sourcecode.c.h; fileEncoding = 4; name = ofxFluidGraph.h; path = ../../../addons/ofxFluidUi/src/elements/ofxFluidGraph.h; sourceTree = SOURCE_ROOT; };
		F1A173E2EFC595D4086C5F57 /* ofxFluidMatrix.h */ = {isa = PBXFileReference; explicitFileType = sourcecode.c.h; fileEncoding = 4; name = ofxFluidMatrix.h; path = ../../../addons/ofxFluidUi/src/elements/ofxFluidMatrix.h; sourceTree = SOURCE_ROOT; };
		F2B099E6BD1199664C48B177 /* ofxJSONElement.cpp */ = {isa = PBXFileReference; explicitFileType = sourcecode.cpp.cpp; fileEncoding = 4; name = ofxJSONElement.cpp; path = ../../../addons/ofxJSON/src/ofxJSONElement.cpp; sourceTree = SOURCE_ROOT; };
		F4DF91F5DA6CF9146582BA2B /* ofxFluidTextbox.h */ = {isa = PBXFileReference; explicitFileType = sourcecode.c.h; fileEncoding = 4; name = ofxFluidTextbox.h; path = ../../../addons/ofxFluidUi/src/elements/ofxFluidTextbox.h; sourceTree = SOURCE_ROOT; };
		F53219F807A63E795AB2C70C /* xpathInternals.h */ = {isa = PBXFileReference; explicitFileType = sourcecode.c.h; fileEncoding = 4; name = xpathInternals.h; path = ../../../addons/ofxSvg/libs/libxml2/include/libxml/xpathInternals.h; sourceTree = SOURCE_ROOT; };
		F721F159431CFF4FDCE971CC /* ofxFluidOscilloscope.h */ = {isa = PBXFileReference; explicitFileType = sourcecode.c.h; fileEncoding = 4; name = ofxFluidOscilloscope.h; path = ../../../addons/ofxFluidTools/src/ofxFluidOscilloscope.h; sourceTree = SOURCE_ROOT; };
		F76932CB1153DCBAC4B79F76 /* valid.h */ = {isa = PBXFileReference; explicitFileType = sourcecode.c.h; fileEncoding = 4; name = valid.h; path = ../../../addons/ofxSvg/libs/libxml2/include/libxml/valid.h; sourceTree = SOURCE_ROOT; };
		F784D1602BF5214F82F02030 /* ofxFluidArea.h */ = {isa = PBXFileReference; explicitFileType = sourcecode.c.h; fileEncoding = 4; name = ofxFluidArea.h; path = ../../../addons/ofxFluidUi/src/elements/ofxFluidArea.h; sourceTree = SOURCE_ROOT; };
		F9FBB31083F33F4E722D215B /* FluidDefinitions.h */ = {isa = PBXFileReference; explicitFileType = sourcecode.c.h; fileEncoding = 4; name = FluidDefinitions.h; path = ../../../addons/ofxFluidTools/src/latest/FluidDefinitions.h; sourceTree = SOURCE_ROOT; };
		F9FBB3B7BDEC170F954A8F65 /* xmlerror.h */ = {isa = PBXFileReference; explicitFileType = sourcecode.c.h; fileEncoding = 4; name = xmlerror.h; path = ../../../addons/ofxSvg/libs/libxml2/include/libxml/xmlerror.h; sourceTree = SOURCE_ROOT; };
		FA446BFD54D392C20F1BA70B /* globals.h */ = {isa = PBXFileReference; explicitFileType = sourcecode.c.h; fileEncoding = 4; name = globals.h; path = ../../../addons/ofxSvg/libs/libxml2/include/libxml/globals.h; sourceTree = SOURCE_ROOT; };
		FC0D0C19B5E1EDE61F23460C /* FluidDither.h */ = {isa = PBXFileReference; explicitFileType = sourcecode.c.h; fileEncoding = 4; name = FluidDither.h; path = ../../../addons/ofxFluidTools/src/latest/FluidDither.h; sourceTree = SOURCE_ROOT; };
		FDE45B689658DDD4DDAF966B /* ofxAutrAudio.h */ = {isa = PBXFileReference; explicitFileType = sourcecode.c.h; fileEncoding = 4; name = ofxAutrAudio.h; path = ../../../addons/ofxFluidTools/src/ofxAutrAudio.h; sourceTree = SOURCE_ROOT; };
/* End PBXFileReference section */

/* Begin PBXFrameworksBuildPhase section */
		E4B69B590A3A1756003C02F2 /* Frameworks */ = {
			isa = PBXFrameworksBuildPhase;
			buildActionMask = 2147483647;
			files = (
				E4328149138ABC9F0047C5CB /* openFrameworksDebug.a in Frameworks */,
			);
			runOnlyForDeploymentPostprocessing = 0;
		};
/* End PBXFrameworksBuildPhase section */

/* Begin PBXGroup section */
		117BF617CE8089ADDF6156CC /* params */ = {
			isa = PBXGroup;
			children = (
				CB7899A074970459B63700AB /* ofxFluidJson.cpp */,
				E70F304D5B8473401C4E5F92 /* ofxFluidSetters.cpp */,
				C4960DFBBB53E5C0E032D15D /* ofxFluidGetters.cpp */,
			);
			name = params;
			sourceTree = "<group>";
		};
		2865DAEF86B1907A704CA70B /* ofxJSON */ = {
			isa = PBXGroup;
			children = (
				292AF6148769654D0DF26018 /* src */,
				F40E80CB2D443CBA9581DD03 /* libs */,
			);
			name = ofxJSON;
			sourceTree = "<group>";
		};
		292AF6148769654D0DF26018 /* src */ = {
			isa = PBXGroup;
			children = (
				F2B099E6BD1199664C48B177 /* ofxJSONElement.cpp */,
				1645F56257269CD0356320BD /* ofxJSON.h */,
				26A541233BC6F736E758F718 /* ofxJSONElement.h */,
			);
			name = src;
			sourceTree = "<group>";
		};
		32DC61134FB34BEB93243455 /* sources */ = {
			isa = PBXGroup;
			children = (
				400353F90B793EFEEDC89CAE /* AutrVideoInput.h */,
				B8F6864728013FFBE6A3573F /* AutrCvInput.h */,
				9F87082A71348050C074D612 /* FluidMedia.h */,
				1E9D303AEBADAB79341690AA /* FluidShapes.h */,
			);
			name = sources;
			sourceTree = "<group>";
		};
		34383B8C0C105728B792B600 /* libxml */ = {
			isa = PBXGroup;
			children = (
				2D13799635BB152B8F1A4E9A /* chvalid.h */,
				A8CAFB18FEBD22AC537DAE01 /* parserInternals.h */,
				9EBAD1FE06DDC823799AFC5C /* xpointer.h */,
				A6CC65086D4CC2C168250B25 /* debugXML.h */,
				9C7EC60217C685F32C86FDCB /* schematron.h */,
				A4527E0B93D71A91DDB5F760 /* uri.h */,
				B2E11163DD8C864C48B85A54 /* parser.h */,
				281AEACBABA9F6873CA63383 /* encoding.h */,
				739E147D20FE8ADE03EDF261 /* tree.h */,
				AEB87A4DC6BA420DC0AC6D8A /* threads.h */,
				052ADD5D6B20B188FB77163A /* xmlversion.h */,
				FA446BFD54D392C20F1BA70B /* globals.h */,
				877612E1E8AB8BFAE6413F02 /* catalog.h */,
				3DE7DC883ECEEEE46BC84579 /* pattern.h */,
				744D7095DB2729C899F51683 /* xmlreader.h */,
				99EEF400A87A3E7EE3294C70 /* HTMLtree.h */,
				144DBB9FE6149744D484ECBA /* SAX2.h */,
				DD8A180EA5BA8431BE11CB13 /* xmlexports.h */,
				C04B2B5BE9E9B76000BF9973 /* xlink.h */,
				C1B0D8173B8A8897C8104C07 /* SAX.h */,
				D0B478E9CB565276AC786DD0 /* entities.h */,
				AFA630B75193CDD5F5BFCB78 /* xmlregexp.h */,
				C61FC1419B9E7CF0348FADA9 /* list.h */,
				0CDD7CD276D93C5D2EACF32D /* xinclude.h */,
				F9FBB3B7BDEC170F954A8F65 /* xmlerror.h */,
				98FAC428A9E588867DBAA559 /* schemasInternals.h */,
				D59A8A228B2542FEDE81C675 /* dict.h */,
				375C1EB5EB0C6DB428BD21C4 /* xmlIO.h */,
				56850FE6F91EC6754F6C8B33 /* HTMLparser.h */,
				760687A5827CC4CC7269A329 /* xmlautomata.h */,
				8F7DF08EF2FC41CF2B97B7B9 /* xmlsave.h */,
				AAD21E96EB8906A7F371EC5E /* xmlstring.h */,
				01C0AE67B65E3D57BCC6FA25 /* xpath.h */,
				F76932CB1153DCBAC4B79F76 /* valid.h */,
				041694F7615BCBA3BBAF00F2 /* xmlschemastypes.h */,
				22971C55A80288DE7E9FFAF8 /* c14n.h */,
				A27F8429804314C60C80DB97 /* DOCBparser.h */,
				5AC81D37E977C3921A197DFA /* xmlmodule.h */,
				66B0240E8FAA94E3CBDD22E6 /* relaxng.h */,
				6C7327601642F7AF5EAC3E93 /* nanohttp.h */,
				B170FC7720BACCD0C41F4273 /* xmlunicode.h */,
				78A718EFC090F3F340448CD4 /* xmlwriter.h */,
				74DFE545A3C59F0B7BB75497 /* xmlmemory.h */,
				F53219F807A63E795AB2C70C /* xpathInternals.h */,
				8D625C15518F63F78CC8C460 /* nanoftp.h */,
				9554769CA7302D13CEF02214 /* hash.h */,
				7B8FF9804D9375B3CD7B3367 /* xmlschemas.h */,
			);
			name = libxml;
			sourceTree = "<group>";
		};
		3CDF9D0374E9C849F9AD4C6A /* include */ = {
			isa = PBXGroup;
			children = (
				34383B8C0C105728B792B600 /* libxml */,
			);
			name = include;
			sourceTree = "<group>";
		};
		56C3EF4F8B6741F408B86361 /* svgtiny */ = {
			isa = PBXGroup;
			children = (
				CBB0EC04A879D9C8DBD295B8 /* include */,
			);
			name = svgtiny;
			sourceTree = "<group>";
		};
		58AD3BD71B781D9BC25763C8 /* json */ = {
			isa = PBXGroup;
			children = (
				61313493CDB52744E22A604D /* json-forwards.h */,
				2C7CF000B7B4F782C187C353 /* json.h */,
			);
			name = json;
			sourceTree = "<group>";
		};
		6948EE371B920CB800B5AC1A /* local_addons */ = {
			isa = PBXGroup;
			children = (
			);
			name = local_addons;
			sourceTree = "<group>";
		};
		6BC5FCA7528BDFC8E87C36A0 /* core */ = {
			isa = PBXGroup;
			children = (
				EB0DB4522DC92F1E6AD02FBD /* ofxFluidDebug.cpp */,
				59EBED2A9C8B7C6AC5D142A0 /* ofxFluidTheme.cpp */,
				45970C442F8D1B000F187709 /* ofxFluidDraw.cpp */,
				1557DE07799FF2AD566AA7A0 /* ofxFluidTraverse.cpp */,
				6C1BC6734563B9EC77F5F219 /* ofxFluidDimensions.cpp */,
				15A86C7D04F2DE1B0A022FBD /* ofxFluidOptions.cpp */,
				07E06BB6944A9A7F87315856 /* ofxFluidEvents.cpp */,
				55161FD52B8AA737036769AD /* ofxFluidSystem.cpp */,
				D4C53DB5A5E9517E91B5EA37 /* ofxFluidUtils.cpp */,
				D97FC062B95F96A590EBDB05 /* ofxFluidSetup.cpp */,
				97456FD4530BE45CAA7899A7 /* ofxFluidUpdate.cpp */,
				A135F1BAC94E749AE8AED5ED /* ofxFluidFonts.cpp */,
			);
			name = core;
			sourceTree = "<group>";
		};
		7358861A589DDB0551C385E6 /* processors */ = {
			isa = PBXGroup;
			children = (
				7A5AF0992A91F6CA3A90B4CF /* FluidOpticalFlow.h */,
				DDD6EC53A002DEBFCEFEEA48 /* FluidMesh.h */,
				8C17E037512CA06C7CB56A64 /* FluidAlphaMask.h */,
			);
			name = processors;
			sourceTree = "<group>";
		};
		75110D9F907E138EEBC313F9 /* latest */ = {
			isa = PBXGroup;
			children = (
				D079487CF769A59AD117448C /* FluidBrowser.h */,
				74AE736B45BEA60D49A6F13F /* FluidBuffer.cpp */,
				90506D36B85564BBE13F353E /* FluidBuffer.h */,
				1DC5E28C19E807471683AD69 /* FluidCrunch.h */,
				F9FBB31083F33F4E722D215B /* FluidDefinitions.h */,
				FC0D0C19B5E1EDE61F23460C /* FluidDither.h */,
				81F05D9C2EC43C31A68BBA7D /* FluidFace.h */,
				0400653266497135E90EB913 /* FluidMesh.h */,
				53EDBEC0FB17B731DC4F6BB4 /* FluidReceipt.h */,
				91995B32FD706EE27821D513 /* FluidServo.h */,
				124B09930BD9C087A119084A /* FluidTracker.cpp */,
				1B3D494254BCADCAE7535FE6 /* FluidTracker.h */,
			);
			name = latest;
			sourceTree = "<group>";
		};
		8BFA5CEF6B5BDD52C0ACC180 /* src */ = {
			isa = PBXGroup;
			children = (
				7F2EF345DCCD3B1E17F771D1 /* FluidSource.h */,
				DCC5CABB3FA97D084A3EB73D /* tools */,
				E9CA6979C2C32954EC307284 /* ofxAutrCompare.h */,
				FDE45B689658DDD4DDAF966B /* ofxAutrAudio.h */,
				DD6E0A156015959F8276FE0C /* ofxAutrCV.h */,
				75110D9F907E138EEBC313F9 /* latest */,
				B25042C6FDB7966DEB1207BA /* FluidProcessor.h */,
				922ABE7FB109F214D12B621A /* FluidTool.h */,
				7358861A589DDB0551C385E6 /* processors */,
				7B2B4CA71D6D14C678A82933 /* ofxAutrContourFinder.h */,
				F721F159431CFF4FDCE971CC /* ofxFluidOscilloscope.h */,
				32DC61134FB34BEB93243455 /* sources */,
				B460CD0C9953F0279F64D31E /* ofxFluidVJ.h */,
				ABB9AA641DD9B10FC5446923 /* ofxFluidTools.h */,
				1B79CE6EE4E7D96C3FB01DBF /* ofxAutrColundi.h */,
			);
			name = src;
			sourceTree = "<group>";
		};
		92CAB14CB3CE8DFA86242673 /* libxml2 */ = {
			isa = PBXGroup;
			children = (
				3CDF9D0374E9C849F9AD4C6A /* include */,
			);
			name = libxml2;
			sourceTree = "<group>";
		};
		977A836DD2C489CCC5E330FF /* jsoncpp */ = {
			isa = PBXGroup;
			children = (
				D486FC87F063317BB47E9FAC /* include */,
				CCDC6F9CCF925CC402160B85 /* src */,
			);
			name = jsoncpp;
			sourceTree = "<group>";
		};
		98D685E6144A167898628CFF /* ofxTimeMeasurements */ = {
			isa = PBXGroup;
			children = (
				EFCD60E2ACA4B88D4D54E3F0 /* src */,
			);
			name = ofxTimeMeasurements;
			sourceTree = "<group>";
		};
		BB4B014C10F69532006C3DED /* addons */ = {
			isa = PBXGroup;
			children = (
				C5A2AC3D5780FF58163C4DEC /* ofxFluidTools */,
				C2599FDB55A6BEB0C57B2AD1 /* ofxFluidUi */,
				2865DAEF86B1907A704CA70B /* ofxJSON */,
				F5F1F1EF8441E64FD46F07C8 /* ofxSvg */,
				98D685E6144A167898628CFF /* ofxTimeMeasurements */,
			);
			name = addons;
			sourceTree = "<group>";
		};
		BF0BF2682B4F1C8B2D7A515B /* libs */ = {
			isa = PBXGroup;
			children = (
				92CAB14CB3CE8DFA86242673 /* libxml2 */,
				56C3EF4F8B6741F408B86361 /* svgtiny */,
			);
			name = libs;
			sourceTree = "<group>";
		};
		C10DAC85653A682BE7F30330 /* src */ = {
			isa = PBXGroup;
			children = (
				B83CC1CFEB851BE40726E749 /* ofxFluidTouchManager.cpp */,
				93C3532B2FDBB3852C2A443D /* ofxFluidUi.h */,
				6BC5FCA7528BDFC8E87C36A0 /* core */,
				855D35C20587625355E629E8 /* ofxFluidElement.cpp */,
				E8622628977452D4D6798A02 /* ofxFluidCore.h */,
				6BDF526BC79D2EE13B58E68F /* ofxFluidElement.h */,
				2CEFA25AE3361F056D14D4D2 /* ofxFluidUtils.h */,
				216025112310AF05A4FC0CBB /* ofxFluidGroup.cpp */,
				A3FDF73E60BBB392BC4F5B70 /* ofxFluidEvent.cpp */,
				A43EF7AB47935BFC157A9578 /* ofxFluidEvent.h */,
				3F90A5DF7AB5A98B96859E80 /* ofxFluidAssetManager.h */,
				F1FAD690A320962C37039C91 /* elements */,
				A8DA6599153C644F6B2DABEE /* ofxFluidCore.cpp */,
				117BF617CE8089ADDF6156CC /* params */,
				6398DAAA7A79CB9087A53AC2 /* ofxFluidAssetManager.cpp */,
				0D264CE4F5B2676A655AF817 /* ofxFluidUtils.cpp */,
				D23BF57489FB56B2FD90B7BA /* ofxFluidGroup.h */,
				1172A98FC5B78416541BCECD /* ofxFluidBase.h */,
				3CC768621A03B4F9FCF56AB5 /* ofxFluidDefinitions.h */,
				739EC9A38CC64E6093C5891C /* ofxFluidBase.cpp */,
				D7B71AB14A2458377E3BA19B /* ofxFluidTouchManager.h */,
			);
			name = src;
			sourceTree = "<group>";
		};
		C2599FDB55A6BEB0C57B2AD1 /* ofxFluidUi */ = {
			isa = PBXGroup;
			children = (
				C10DAC85653A682BE7F30330 /* src */,
			);
			name = ofxFluidUi;
			sourceTree = "<group>";
		};
		C5A2AC3D5780FF58163C4DEC /* ofxFluidTools */ = {
			isa = PBXGroup;
			children = (
				8BFA5CEF6B5BDD52C0ACC180 /* src */,
			);
			name = ofxFluidTools;
			sourceTree = "<group>";
		};
		CBB0EC04A879D9C8DBD295B8 /* include */ = {
			isa = PBXGroup;
			children = (
				A6024883FE4A371F002A504D /* svgtiny.h */,
			);
			name = include;
			sourceTree = "<group>";
		};
		CCDC6F9CCF925CC402160B85 /* src */ = {
			isa = PBXGroup;
			children = (
				21BDE665988474F1B1F4D302 /* jsoncpp.cpp */,
			);
			name = src;
			sourceTree = "<group>";
		};
		D486FC87F063317BB47E9FAC /* include */ = {
			isa = PBXGroup;
			children = (
				58AD3BD71B781D9BC25763C8 /* json */,
			);
			name = include;
			sourceTree = "<group>";
		};
		DBB3EF673AE7E843FD50910D /* src */ = {
			isa = PBXGroup;
			children = (
				B9E16009E1772C6D00B20013 /* ofxSvg.cpp */,
				E91F55DEDD14B7F4BACED9B4 /* ofxSvg.h */,
			);
			name = src;
			sourceTree = "<group>";
		};
		DCC5CABB3FA97D084A3EB73D /* tools */ = {
			isa = PBXGroup;
			children = (
				8292090AA71D3979E1025CFC /* FluidRamp.h */,
				63F95B84BE144BC1612ED114 /* FluidFFT.h */,
				54377E7FDB06F66CB4BEBB91 /* FluidTrigger.h */,
				56435AAC6DFE0BE0BF03F782 /* FluidClockLFO.h */,
				2560FDEA00518551A689C486 /* FluidEasing.h */,
				A3A48F0D132942DD6DD79063 /* FluidEaseLFO.h */,
				925A72597BF2E736A44B6AFD /* FluidLFO.h */,
				52C2829CE23B146E1C6BE057 /* FluidScale.h */,
			);
			name = tools;
			sourceTree = "<group>";
		};
		E4328144138ABC890047C5CB /* Products */ = {
			isa = PBXGroup;
			children = (
				E4328148138ABC890047C5CB /* openFrameworksDebug.a */,
			);
			name = Products;
			sourceTree = "<group>";
		};
		E4B69B4A0A3A1720003C02F2 = {
			isa = PBXGroup;
			children = (
				E4B6FCAD0C3E899E008CF71C /* openFrameworks-Info.plist */,
				E4EB6923138AFD0F00A09F29 /* Project.xcconfig */,
				E4B69E1C0A3A1BDC003C02F2 /* src */,
				E4EEC9E9138DF44700A80321 /* openFrameworks */,
				BB4B014C10F69532006C3DED /* addons */,
				6948EE371B920CB800B5AC1A /* local_addons */,
				E4B69B5B0A3A1756003C02F2 /* video-player-piDebug.app */,
			);
			sourceTree = "<group>";
		};
		E4B69E1C0A3A1BDC003C02F2 /* src */ = {
			isa = PBXGroup;
			children = (
				E4B69E1D0A3A1BDC003C02F2 /* main.cpp */,
				E4B69E1E0A3A1BDC003C02F2 /* ofApp.cpp */,
				E4B69E1F0A3A1BDC003C02F2 /* ofApp.h */,
			);
			path = src;
			sourceTree = SOURCE_ROOT;
		};
		E4EEC9E9138DF44700A80321 /* openFrameworks */ = {
			isa = PBXGroup;
			children = (
				E4EB691F138AFCF100A09F29 /* CoreOF.xcconfig */,
				E4328143138ABC890047C5CB /* openFrameworksLib.xcodeproj */,
			);
			name = openFrameworks;
			sourceTree = "<group>";
		};
		EFCD60E2ACA4B88D4D54E3F0 /* src */ = {
			isa = PBXGroup;
			children = (
				113EC1656B3145FE1FA1B295 /* ofxTimeMeasurements.cpp */,
				12FDE6FD42DC4BF9763E1D00 /* ofxTimeMeasurementsMacros.h */,
				83F10DECDFF16F9F1E67D731 /* ofxTimeMeasurements.h */,
				56C38035679CEFF6F09AE81A /* GL_Measurement.h */,
				53D05984F46836E36C48B617 /* ofxTimeMeasurementsScoped.h */,
			);
			name = src;
			sourceTree = "<group>";
		};
		F1FAD690A320962C37039C91 /* elements */ = {
			isa = PBXGroup;
			children = (
				153C255BD229985A873793F5 /* ofxFluidSlider.h */,
				AC4F7558678FB98F1CBB979F /* ofxFluidDropdown.h */,
				41A6998A673F44D5BD784794 /* ofxFluidToggle.h */,
				7ED663A32A120A9898D72D69 /* ofxFluidDropdown.cpp */,
				B5A51A88FE679D6021D3D7C5 /* ofxFluidBitmap.cpp */,
				50F610499F8126E7C9A453BA /* ofxFluidViewer.cpp */,
				E37F4E4F0F9721DE3E4AB0C1 /* ofxFluidTextbox.cpp */,
				E3C70411840CFC9C1EF926DC /* ofxFluidLabel.cpp */,
				757505FB76EE1F02B277C993 /* ofxFluidToggle.cpp */,
				85E022B142A3FCEDDB96E52C /* ofxFluidButton.cpp */,
				B47A72D4387AE95C963F5980 /* ofxFluidKnob.cpp */,
				140B091F9FBC9212FBBE7748 /* ofxFluidAxisSlider.cpp */,
				F0E59889B0BAA385CEDFFAB0 /* ofxFluidGraph.h */,
				A71E0E46F8584964D558EA06 /* ofxFluidButton.h */,
				C657AF958CFE8F1CE4928968 /* ofxFluidTabs.cpp */,
				144016DE580D0223ECEF3793 /* ofxFluidAxisSlider.h */,
				94C665884E32D842CB77B1F9 /* ofxFluidVector.h */,
				CBCC9A1D2EB8B32E2A934A18 /* ofxFluidRandomise.cpp */,
				15BE28B59AC5D8F834CB322E /* ofxFluidBitmap.h */,
				BE0E8F2B1FDAEB592102E159 /* ofxFluidArea.cpp */,
				BF3003AC6A6BF2DA69742B84 /* ofxFluidRange.h */,
				31A5B5CAB5FA1DE871FEC47F /* ofxFluidLabel.h */,
				2284D73EBA6A21465D38333C /* ofxFluidRandomise.h */,
				F784D1602BF5214F82F02030 /* ofxFluidArea.h */,
				41A8ED04589A1F0A44B80067 /* ofxFluidAsset.cpp */,
				1A5F3C90005F16094726C262 /* ofxFluidPresets.cpp */,
				D102F231C6EA33B966B52F11 /* ofxFluidAsset.h */,
				7D3161E70D93C661DF900238 /* ofxFluidVector.cpp */,
				7FD04DD9F4601A139AAA9196 /* ofxFluidPresets.h */,
				6B5ACFDB6407BD4CB00DC08E /* ofxFluidViewer.h */,
				9664487B299DE3DAE4446F2E /* ofxFluidTabs.h */,
				0768F4027C15664F12D1AA85 /* ofxFluidRange.cpp */,
				1964E1FFE12553B7B1E956B2 /* ofxFluidMatrix.cpp */,
				F4DF91F5DA6CF9146582BA2B /* ofxFluidTextbox.h */,
				15BDD2891E141B77920BA51E /* ofxFluidKnob.h */,
				C14FE5C91C97331AE122FBC1 /* ofxFluidSlider.cpp */,
				3338F76C5D68335C139DFE84 /* ofxFluidGraph.cpp */,
				F1A173E2EFC595D4086C5F57 /* ofxFluidMatrix.h */,
			);
			name = elements;
			sourceTree = "<group>";
		};
		F40E80CB2D443CBA9581DD03 /* libs */ = {
			isa = PBXGroup;
			children = (
				977A836DD2C489CCC5E330FF /* jsoncpp */,
			);
			name = libs;
			sourceTree = "<group>";
		};
		F5F1F1EF8441E64FD46F07C8 /* ofxSvg */ = {
			isa = PBXGroup;
			children = (
				DBB3EF673AE7E843FD50910D /* src */,
				BF0BF2682B4F1C8B2D7A515B /* libs */,
			);
			name = ofxSvg;
			sourceTree = "<group>";
		};
/* End PBXGroup section */

/* Begin PBXNativeTarget section */
		E4B69B5A0A3A1756003C02F2 /* video-player-pi */ = {
			isa = PBXNativeTarget;
			buildConfigurationList = E4B69B5F0A3A1757003C02F2 /* Build configuration list for PBXNativeTarget "video-player-pi" */;
			buildPhases = (
				E4B69B580A3A1756003C02F2 /* Sources */,
				E4B69B590A3A1756003C02F2 /* Frameworks */,
				E4B6FFFD0C3F9AB9008CF71C /* ShellScript */,
				E4C2427710CC5ABF004149E2 /* CopyFiles */,
				8466F1851C04CA0E00918B1C /* ShellScript */,
			);
			buildRules = (
			);
			dependencies = (
				E4EEB9AC138B136A00A80321 /* PBXTargetDependency */,
			);
			name = "video-player-pi";
			productName = myOFApp;
			productReference = E4B69B5B0A3A1756003C02F2 /* video-player-piDebug.app */;
			productType = "com.apple.product-type.application";
		};
/* End PBXNativeTarget section */

/* Begin PBXProject section */
		E4B69B4C0A3A1720003C02F2 /* Project object */ = {
			isa = PBXProject;
			attributes = {
				LastUpgradeCheck = 0600;
			};
			buildConfigurationList = E4B69B4D0A3A1720003C02F2 /* Build configuration list for PBXProject "video-player-pi" */;
			compatibilityVersion = "Xcode 3.2";
			developmentRegion = English;
			hasScannedForEncodings = 0;
			knownRegions = (
				English,
				Japanese,
				French,
				German,
			);
			mainGroup = E4B69B4A0A3A1720003C02F2;
			productRefGroup = E4B69B4A0A3A1720003C02F2;
			projectDirPath = "";
			projectReferences = (
				{
					ProductGroup = E4328144138ABC890047C5CB /* Products */;
					ProjectRef = E4328143138ABC890047C5CB /* openFrameworksLib.xcodeproj */;
				},
			);
			projectRoot = "";
			targets = (
				E4B69B5A0A3A1756003C02F2 /* video-player-pi */,
			);
		};
/* End PBXProject section */

/* Begin PBXReferenceProxy section */
		E4328148138ABC890047C5CB /* openFrameworksDebug.a */ = {
			isa = PBXReferenceProxy;
			fileType = archive.ar;
			path = openFrameworksDebug.a;
			remoteRef = E4328147138ABC890047C5CB /* PBXContainerItemProxy */;
			sourceTree = BUILT_PRODUCTS_DIR;
		};
/* End PBXReferenceProxy section */

/* Begin PBXShellScriptBuildPhase section */
		8466F1851C04CA0E00918B1C /* ShellScript */ = {
			isa = PBXShellScriptBuildPhase;
			buildActionMask = 12;
			files = (
			);
			inputPaths = (
			);
			outputPaths = (
			);
			runOnlyForDeploymentPostprocessing = 0;
			shellPath = /bin/sh;
			shellScript = "echo \"$GCC_PREPROCESSOR_DEFINITIONS\";\nAPPSTORE=`expr \"$GCC_PREPROCESSOR_DEFINITIONS\" : \".*APPSTORE=\\([0-9]*\\)\"`\nif [ -z \"$APPSTORE\" ] ; then\necho \"Note: Not copying bin/data to App Package or doing App Code signing. Use AppStore target for AppStore distribution\";\nelse\n# Copy bin/data into App/Resources\nrsync -avz --exclude='.DS_Store' \"${SRCROOT}/bin/data/\" \"${TARGET_BUILD_DIR}/${UNLOCALIZED_RESOURCES_FOLDER_PATH}/data/\"\n\n# ---- Code Sign App Package ----\n\n# WARNING: You may have to run Clean in Xcode after changing CODE_SIGN_IDENTITY!\n\n# Verify that $CODE_SIGN_IDENTITY is set\nif [ -z \"${CODE_SIGN_IDENTITY}\" ] ; then\necho \"CODE_SIGN_IDENTITY needs to be set for framework code-signing\"\nexit 0\nfi\n\nif [ -z \"${CODE_SIGN_ENTITLEMENTS}\" ] ; then\necho \"CODE_SIGN_ENTITLEMENTS needs to be set for framework code-signing!\"\n\nif [ \"${CONFIGURATION}\" = \"Release\" ] ; then\nexit 1\nelse\n# Code-signing is optional for non-release builds.\nexit 0\nfi\nfi\n\nITEMS=\"\"\n\nFRAMEWORKS_DIR=\"${TARGET_BUILD_DIR}/${FRAMEWORKS_FOLDER_PATH}\"\necho \"$FRAMEWORKS_DIR\"\nif [ -d \"$FRAMEWORKS_DIR\" ] ; then\nFRAMEWORKS=$(find \"${FRAMEWORKS_DIR}\" -depth -type d -name \"*.framework\" -or -name \"*.dylib\" -or -name \"*.bundle\" | sed -e \"s/\\(.*framework\\)/\\1\\/Versions\\/A\\//\")\nRESULT=$?\nif [[ $RESULT != 0 ]] ; then\nexit 1\nfi\n\nITEMS=\"${FRAMEWORKS}\"\nfi\n\nLOGINITEMS_DIR=\"${TARGET_BUILD_DIR}/${CONTENTS_FOLDER_PATH}/Library/LoginItems/\"\nif [ -d \"$LOGINITEMS_DIR\" ] ; then\nLOGINITEMS=$(find \"${LOGINITEMS_DIR}\" -depth -type d -name \"*.app\")\nRESULT=$?\nif [[ $RESULT != 0 ]] ; then\nexit 1\nfi\n\nITEMS=\"${ITEMS}\"$'\\n'\"${LOGINITEMS}\"\nfi\n\n# Prefer the expanded name, if available.\nCODE_SIGN_IDENTITY_FOR_ITEMS=\"${EXPANDED_CODE_SIGN_IDENTITY_NAME}\"\nif [ \"${CODE_SIGN_IDENTITY_FOR_ITEMS}\" = \"\" ] ; then\n# Fall back to old behavior.\nCODE_SIGN_IDENTITY_FOR_ITEMS=\"${CODE_SIGN_IDENTITY}\"\nfi\n\necho \"Identity:\"\necho \"${CODE_SIGN_IDENTITY_FOR_ITEMS}\"\n\necho \"Entitlements:\"\necho \"${CODE_SIGN_ENTITLEMENTS}\"\n\necho \"Found:\"\necho \"${ITEMS}\"\n\n# Change the Internal Field Separator (IFS) so that spaces in paths will not cause problems below.\nSAVED_IFS=$IFS\nIFS=$(echo -en \"\\n\\b\")\n\n# Loop through all items.\nfor ITEM in $ITEMS;\ndo\necho \"Signing '${ITEM}'\"\ncodesign --force --verbose --sign \"${CODE_SIGN_IDENTITY_FOR_ITEMS}\" --entitlements \"${CODE_SIGN_ENTITLEMENTS}\" \"${ITEM}\"\nRESULT=$?\nif [[ $RESULT != 0 ]] ; then\necho \"Failed to sign '${ITEM}'.\"\nIFS=$SAVED_IFS\nexit 1\nfi\ndone\n\n# Restore $IFS.\nIFS=$SAVED_IFS\n\nfi\n";
		};
		E4B6FFFD0C3F9AB9008CF71C /* ShellScript */ = {
			isa = PBXShellScriptBuildPhase;
			buildActionMask = 2147483647;
			files = (
			);
			inputPaths = (
			);
			outputPaths = (
			);
			runOnlyForDeploymentPostprocessing = 0;
			shellPath = /bin/sh;
			shellScript = "mkdir -p \"$TARGET_BUILD_DIR/$PRODUCT_NAME.app/Contents/Resources/\"\n# Copy default icon file into App/Resources\nrsync -aved \"$ICON_FILE\" \"$TARGET_BUILD_DIR/$PRODUCT_NAME.app/Contents/Resources/\"\n# Copy libfmod and change install directory for fmod to run\nrsync -aved \"$OF_PATH/libs/fmodex/lib/osx/libfmodex.dylib\" \"$TARGET_BUILD_DIR/$PRODUCT_NAME.app/Contents/Frameworks/\";\ninstall_name_tool -change @executable_path/libfmodex.dylib @executable_path/../Frameworks/libfmodex.dylib \"$TARGET_BUILD_DIR/$PRODUCT_NAME.app/Contents/MacOS/$PRODUCT_NAME\";\n\necho \"$GCC_PREPROCESSOR_DEFINITIONS\";\n";
		};
/* End PBXShellScriptBuildPhase section */

/* Begin PBXSourcesBuildPhase section */
		E4B69B580A3A1756003C02F2 /* Sources */ = {
			isa = PBXSourcesBuildPhase;
			buildActionMask = 2147483647;
			files = (
				E4B69E200A3A1BDC003C02F2 /* main.cpp in Sources */,
				E4B69E210A3A1BDC003C02F2 /* ofApp.cpp in Sources */,
				31E3B894509F0BFA4717DF4E /* FluidTracker.cpp in Sources */,
				069960E802B5B9331627A100 /* FluidBuffer.cpp in Sources */,
				9B30565CF3B9A3FC76186C4A /* ofxFluidTouchManager.cpp in Sources */,
				E854A4ACBF866F6B9D0AFE48 /* ofxFluidDebug.cpp in Sources */,
				ABB613FB5008CC897EF4524E /* ofxFluidTheme.cpp in Sources */,
				8DDAA321B5FDE08854F05D98 /* ofxFluidDraw.cpp in Sources */,
				F2D127151DFB05695C9C9F56 /* ofxFluidTraverse.cpp in Sources */,
				D6EC585F33295DA6A649E34E /* ofxFluidDimensions.cpp in Sources */,
				2739A77C91A14694F541F0EF /* ofxFluidOptions.cpp in Sources */,
				902D87D17F21315B359B23B4 /* ofxFluidEvents.cpp in Sources */,
				18DBE3D854530593E923D3CE /* ofxFluidSystem.cpp in Sources */,
				92259EF85C7540D8A3EC4C3A /* ofxFluidUtils.cpp in Sources */,
				64579D4C3D10439635FF7B91 /* ofxFluidSetup.cpp in Sources */,
				2DC2AE4C2B772C0DDFA3BC48 /* ofxFluidUpdate.cpp in Sources */,
				64D4EF00372195721B2C2C6D /* ofxFluidFonts.cpp in Sources */,
				1900BA8C78129880305F2C35 /* ofxFluidElement.cpp in Sources */,
				968BC7596581909E234F5199 /* ofxFluidGroup.cpp in Sources */,
				D39A8FE15CAB7E79BE085740 /* ofxFluidEvent.cpp in Sources */,
				0303333285E2EE813C52E842 /* ofxFluidDropdown.cpp in Sources */,
				8826ABE5E06DEB4E2DBFE33E /* ofxFluidBitmap.cpp in Sources */,
				989E9BAAF863D987839563D8 /* ofxFluidViewer.cpp in Sources */,
				33BAB4052A28D6E781CEAE7D /* ofxFluidTextbox.cpp in Sources */,
				A15630012FE7BAC2038E24A7 /* ofxFluidLabel.cpp in Sources */,
				8E1E3EDC6E9DE451DA03FE09 /* ofxFluidToggle.cpp in Sources */,
				261E1382DCDD59BADF123277 /* ofxFluidButton.cpp in Sources */,
				CCEE5B87A6AACC36F393CEE6 /* ofxFluidKnob.cpp in Sources */,
				6141C77D1C2198F0F230ED5F /* ofxFluidAxisSlider.cpp in Sources */,
				84B94A49FBA790A8E860AAE0 /* ofxFluidTabs.cpp in Sources */,
				442D85BE8C8EE0C24B3A8086 /* ofxFluidRandomise.cpp in Sources */,
				07F4787D340F66B803F042C9 /* ofxFluidArea.cpp in Sources */,
				621C7737141B704EC55DC025 /* ofxFluidAsset.cpp in Sources */,
				7AE6C0B687FBC85E4A53077D /* ofxFluidPresets.cpp in Sources */,
				3608FD596F2C52127660F5D1 /* ofxFluidVector.cpp in Sources */,
				86C6E0676C61F8F081FE3EBD /* ofxFluidRange.cpp in Sources */,
				6D84B7B2177F432817EF8BA2 /* ofxFluidMatrix.cpp in Sources */,
				8C596988BC016853786FF08B /* ofxFluidSlider.cpp in Sources */,
				363910C8C5382EEBE3F94EA9 /* ofxFluidGraph.cpp in Sources */,
				B078AE9647C80A0FD3447957 /* ofxFluidCore.cpp in Sources */,
				66B79DF989AC2C8D58600BBD /* ofxFluidJson.cpp in Sources */,
				00FE38C46B601C5D88862B25 /* ofxFluidSetters.cpp in Sources */,
				C91AA88A11ACC2F88A12CDDC /* ofxFluidGetters.cpp in Sources */,
				C7BB9AEF74854DC04D8766A2 /* ofxFluidAssetManager.cpp in Sources */,
				BE670D4CAC8C6CE3010F794F /* ofxFluidUtils.cpp in Sources */,
				BB35B835C91E156DBCB9E3D3 /* ofxFluidBase.cpp in Sources */,
				BEDFEE7400C58EA4E412B757 /* ofxJSONElement.cpp in Sources */,
				FB84AAF8D1B7A95266DB5C09 /* jsoncpp.cpp in Sources */,
				B88A57B4B0BA6191EF3571E9 /* ofxSvg.cpp in Sources */,
				567A8E85CAD379B59206852D /* ofxTimeMeasurements.cpp in Sources */,
			);
			runOnlyForDeploymentPostprocessing = 0;
		};
/* End PBXSourcesBuildPhase section */

/* Begin PBXTargetDependency section */
		E4EEB9AC138B136A00A80321 /* PBXTargetDependency */ = {
			isa = PBXTargetDependency;
			name = openFrameworks;
			targetProxy = E4EEB9AB138B136A00A80321 /* PBXContainerItemProxy */;
		};
/* End PBXTargetDependency section */

/* Begin XCBuildConfiguration section */
		99FA3DBB1C7456C400CFA0EE /* AppStore */ = {
			isa = XCBuildConfiguration;
			baseConfigurationReference = E4EB6923138AFD0F00A09F29 /* Project.xcconfig */;
			buildSettings = {
				CONFIGURATION_BUILD_DIR = "$(SRCROOT)/bin/";
				COPY_PHASE_STRIP = YES;
				DEAD_CODE_STRIPPING = YES;
				GCC_AUTO_VECTORIZATION = YES;
				GCC_ENABLE_SSE3_EXTENSIONS = YES;
				GCC_ENABLE_SUPPLEMENTAL_SSE3_INSTRUCTIONS = YES;
				GCC_INLINES_ARE_PRIVATE_EXTERN = NO;
				GCC_OPTIMIZATION_LEVEL = 3;
				"GCC_PREPROCESSOR_DEFINITIONS[arch=*]" = "DISTRIBUTION=1";
				GCC_SYMBOLS_PRIVATE_EXTERN = NO;
				GCC_UNROLL_LOOPS = YES;
				GCC_WARN_ABOUT_DEPRECATED_FUNCTIONS = YES;
				GCC_WARN_ABOUT_INVALID_OFFSETOF_MACRO = NO;
				GCC_WARN_ALLOW_INCOMPLETE_PROTOCOL = NO;
				GCC_WARN_UNINITIALIZED_AUTOS = NO;
				GCC_WARN_UNUSED_VALUE = NO;
				GCC_WARN_UNUSED_VARIABLE = NO;
				HEADER_SEARCH_PATHS = (
					"$(OF_CORE_HEADERS)",
					src,
					../../../addons/ofxFluidTools/src,
					../../../addons/ofxFluidTools/src/audio,
					../../../addons/ofxFluidTools/src/latest,
					../../../addons/ofxFluidTools/src/processors,
					../../../addons/ofxFluidTools/src/sources,
					../../../addons/ofxFluidTools/src/tools,
					../../../addons/ofxFluidUi/src,
					../../../addons/ofxFluidUi/src/core,
					../../../addons/ofxFluidUi/src/elements,
					../../../addons/ofxFluidUi/src/params,
					../../../addons/ofxJSON/libs,
					../../../addons/ofxJSON/libs/jsoncpp,
					../../../addons/ofxJSON/libs/jsoncpp/include,
					../../../addons/ofxJSON/libs/jsoncpp/include/json,
					../../../addons/ofxJSON/libs/jsoncpp/src,
					../../../addons/ofxJSON/src,
					../../../addons/ofxSvg/libs,
					../../../addons/ofxSvg/libs/libxml2,
					../../../addons/ofxSvg/libs/libxml2/include,
					../../../addons/ofxSvg/libs/libxml2/include/libxml,
					../../../addons/ofxSvg/libs/libxml2/lib,
					../../../addons/ofxSvg/libs/libxml2/lib/emscripten,
					../../../addons/ofxSvg/libs/libxml2/lib/osx,
					../../../addons/ofxSvg/libs/libxml2/license,
					../../../addons/ofxSvg/libs/svgtiny,
					../../../addons/ofxSvg/libs/svgtiny/include,
					../../../addons/ofxSvg/libs/svgtiny/lib,
					../../../addons/ofxSvg/libs/svgtiny/lib/emscripten,
					../../../addons/ofxSvg/libs/svgtiny/lib/osx,
					../../../addons/ofxSvg/libs/svgtiny/license,
					../../../addons/ofxSvg/src,
					../../../addons/ofxTimeMeasurements/src,
				);
				MACOSX_DEPLOYMENT_TARGET = 10.9;
				OTHER_CPLUSPLUSFLAGS = (
					"-D__MACOSX_CORE__",
					"-mtune=native",
				);
				OTHER_LDFLAGS = (
					"$(OF_CORE_FRAMEWORKS)",
					"$(OF_CORE_LIBS)",
					"-F/System/Library/PrivateFrameworks",
					"-framework",
					MultitouchSupport,
					../../../addons/ofxSvg/libs/libxml2/lib/osx/xml2.a,
					../../../addons/ofxSvg/libs/svgtiny/lib/osx/svgtiny.a,
				);
				SDKROOT = macosx;
			};
			name = AppStore;
		};
		99FA3DBC1C7456C400CFA0EE /* AppStore */ = {
			isa = XCBuildConfiguration;
			baseConfigurationReference = E4EB6923138AFD0F00A09F29 /* Project.xcconfig */;
			buildSettings = {
				COMBINE_HIDPI_IMAGES = YES;
				COPY_PHASE_STRIP = YES;
				FRAMEWORK_SEARCH_PATHS = "$(inherited)";
				GCC_GENERATE_DEBUGGING_SYMBOLS = YES;
				GCC_MODEL_TUNING = NONE;
				"GCC_PREPROCESSOR_DEFINITIONS[arch=*]" = "APPSTORE=1";
				HEADER_SEARCH_PATHS = (
					"$(OF_CORE_HEADERS)",
					src,
					../../../addons/ofxFluidTools/src,
					../../../addons/ofxFluidTools/src/audio,
					../../../addons/ofxFluidTools/src/latest,
					../../../addons/ofxFluidTools/src/processors,
					../../../addons/ofxFluidTools/src/sources,
					../../../addons/ofxFluidTools/src/tools,
					../../../addons/ofxFluidUi/src,
					../../../addons/ofxFluidUi/src/core,
					../../../addons/ofxFluidUi/src/elements,
					../../../addons/ofxFluidUi/src/params,
					../../../addons/ofxJSON/libs,
					../../../addons/ofxJSON/libs/jsoncpp,
					../../../addons/ofxJSON/libs/jsoncpp/include,
					../../../addons/ofxJSON/libs/jsoncpp/include/json,
					../../../addons/ofxJSON/libs/jsoncpp/src,
					../../../addons/ofxJSON/src,
					../../../addons/ofxSvg/libs,
					../../../addons/ofxSvg/libs/libxml2,
					../../../addons/ofxSvg/libs/libxml2/include,
					../../../addons/ofxSvg/libs/libxml2/include/libxml,
					../../../addons/ofxSvg/libs/libxml2/lib,
					../../../addons/ofxSvg/libs/libxml2/lib/emscripten,
					../../../addons/ofxSvg/libs/libxml2/lib/osx,
					../../../addons/ofxSvg/libs/libxml2/license,
					../../../addons/ofxSvg/libs/svgtiny,
					../../../addons/ofxSvg/libs/svgtiny/include,
					../../../addons/ofxSvg/libs/svgtiny/lib,
					../../../addons/ofxSvg/libs/svgtiny/lib/emscripten,
					../../../addons/ofxSvg/libs/svgtiny/lib/osx,
					../../../addons/ofxSvg/libs/svgtiny/license,
					../../../addons/ofxSvg/src,
					../../../addons/ofxTimeMeasurements/src,
				);
				ICON = "$(ICON_NAME_RELEASE)";
				ICON_FILE = "$(ICON_FILE_PATH)$(ICON)";
				INFOPLIST_FILE = "openFrameworks-Info.plist";
				INSTALL_PATH = /Applications;
				LIBRARY_SEARCH_PATHS = "$(inherited)";
				OTHER_LDFLAGS = (
					"$(OF_CORE_FRAMEWORKS)",
					"$(OF_CORE_LIBS)",
					"-F/System/Library/PrivateFrameworks",
					"-framework",
					MultitouchSupport,
					../../../addons/ofxSvg/libs/libxml2/lib/osx/xml2.a,
					../../../addons/ofxSvg/libs/svgtiny/lib/osx/svgtiny.a,
				);
				PRODUCT_NAME = "$(TARGET_NAME)";
				WRAPPER_EXTENSION = app;
				baseConfigurationReference = E4EB6923138AFD0F00A09F29;
			};
			name = AppStore;
		};
		E4B69B4E0A3A1720003C02F2 /* Debug */ = {
			isa = XCBuildConfiguration;
			baseConfigurationReference = E4EB6923138AFD0F00A09F29 /* Project.xcconfig */;
			buildSettings = {
				CONFIGURATION_BUILD_DIR = "$(SRCROOT)/bin/";
				COPY_PHASE_STRIP = NO;
				DEAD_CODE_STRIPPING = YES;
				GCC_AUTO_VECTORIZATION = YES;
				GCC_ENABLE_SSE3_EXTENSIONS = YES;
				GCC_ENABLE_SUPPLEMENTAL_SSE3_INSTRUCTIONS = YES;
				GCC_INLINES_ARE_PRIVATE_EXTERN = NO;
				GCC_OPTIMIZATION_LEVEL = 0;
				GCC_SYMBOLS_PRIVATE_EXTERN = NO;
				GCC_WARN_ABOUT_DEPRECATED_FUNCTIONS = YES;
				GCC_WARN_ABOUT_INVALID_OFFSETOF_MACRO = NO;
				GCC_WARN_ALLOW_INCOMPLETE_PROTOCOL = NO;
				GCC_WARN_UNINITIALIZED_AUTOS = NO;
				GCC_WARN_UNUSED_VALUE = NO;
				GCC_WARN_UNUSED_VARIABLE = NO;
				HEADER_SEARCH_PATHS = (
					"$(OF_CORE_HEADERS)",
					src,
					../../../addons/ofxFluidTools/src,
					../../../addons/ofxFluidTools/src/audio,
					../../../addons/ofxFluidTools/src/latest,
					../../../addons/ofxFluidTools/src/processors,
					../../../addons/ofxFluidTools/src/sources,
					../../../addons/ofxFluidTools/src/tools,
					../../../addons/ofxFluidUi/src,
					../../../addons/ofxFluidUi/src/core,
					../../../addons/ofxFluidUi/src/elements,
					../../../addons/ofxFluidUi/src/params,
					../../../addons/ofxJSON/libs,
					../../../addons/ofxJSON/libs/jsoncpp,
					../../../addons/ofxJSON/libs/jsoncpp/include,
					../../../addons/ofxJSON/libs/jsoncpp/include/json,
					../../../addons/ofxJSON/libs/jsoncpp/src,
					../../../addons/ofxJSON/src,
					../../../addons/ofxSvg/libs,
					../../../addons/ofxSvg/libs/libxml2,
					../../../addons/ofxSvg/libs/libxml2/include,
					../../../addons/ofxSvg/libs/libxml2/include/libxml,
					../../../addons/ofxSvg/libs/libxml2/lib,
					../../../addons/ofxSvg/libs/libxml2/lib/emscripten,
					../../../addons/ofxSvg/libs/libxml2/lib/osx,
					../../../addons/ofxSvg/libs/libxml2/license,
					../../../addons/ofxSvg/libs/svgtiny,
					../../../addons/ofxSvg/libs/svgtiny/include,
					../../../addons/ofxSvg/libs/svgtiny/lib,
					../../../addons/ofxSvg/libs/svgtiny/lib/emscripten,
					../../../addons/ofxSvg/libs/svgtiny/lib/osx,
					../../../addons/ofxSvg/libs/svgtiny/license,
					../../../addons/ofxSvg/src,
					../../../addons/ofxTimeMeasurements/src,
				);
				MACOSX_DEPLOYMENT_TARGET = 10.9;
				ONLY_ACTIVE_ARCH = YES;
				OTHER_CPLUSPLUSFLAGS = (
					"-D__MACOSX_CORE__",
					"-mtune=native",
				);
				OTHER_LDFLAGS = (
					"$(OF_CORE_FRAMEWORKS)",
					"$(OF_CORE_LIBS)",
					"-F/System/Library/PrivateFrameworks",
					"-framework",
					MultitouchSupport,
					../../../addons/ofxSvg/libs/libxml2/lib/osx/xml2.a,
					../../../addons/ofxSvg/libs/svgtiny/lib/osx/svgtiny.a,
				);
				SDKROOT = macosx;
			};
			name = Debug;
		};
		E4B69B4F0A3A1720003C02F2 /* Release */ = {
			isa = XCBuildConfiguration;
			baseConfigurationReference = E4EB6923138AFD0F00A09F29 /* Project.xcconfig */;
			buildSettings = {
				CONFIGURATION_BUILD_DIR = "$(SRCROOT)/bin/";
				COPY_PHASE_STRIP = YES;
				DEAD_CODE_STRIPPING = YES;
				GCC_AUTO_VECTORIZATION = YES;
				GCC_ENABLE_SSE3_EXTENSIONS = YES;
				GCC_ENABLE_SUPPLEMENTAL_SSE3_INSTRUCTIONS = YES;
				GCC_INLINES_ARE_PRIVATE_EXTERN = NO;
				GCC_OPTIMIZATION_LEVEL = 3;
				GCC_SYMBOLS_PRIVATE_EXTERN = NO;
				GCC_UNROLL_LOOPS = YES;
				GCC_WARN_ABOUT_DEPRECATED_FUNCTIONS = YES;
				GCC_WARN_ABOUT_INVALID_OFFSETOF_MACRO = NO;
				GCC_WARN_ALLOW_INCOMPLETE_PROTOCOL = NO;
				GCC_WARN_UNINITIALIZED_AUTOS = NO;
				GCC_WARN_UNUSED_VALUE = NO;
				GCC_WARN_UNUSED_VARIABLE = NO;
				HEADER_SEARCH_PATHS = (
					"$(OF_CORE_HEADERS)",
					src,
					../../../addons/ofxFluidTools/src,
					../../../addons/ofxFluidTools/src/audio,
					../../../addons/ofxFluidTools/src/latest,
					../../../addons/ofxFluidTools/src/processors,
					../../../addons/ofxFluidTools/src/sources,
					../../../addons/ofxFluidTools/src/tools,
					../../../addons/ofxFluidUi/src,
					../../../addons/ofxFluidUi/src/core,
					../../../addons/ofxFluidUi/src/elements,
					../../../addons/ofxFluidUi/src/params,
					../../../addons/ofxJSON/libs,
					../../../addons/ofxJSON/libs/jsoncpp,
					../../../addons/ofxJSON/libs/jsoncpp/include,
					../../../addons/ofxJSON/libs/jsoncpp/include/json,
					../../../addons/ofxJSON/libs/jsoncpp/src,
					../../../addons/ofxJSON/src,
					../../../addons/ofxSvg/libs,
					../../../addons/ofxSvg/libs/libxml2,
					../../../addons/ofxSvg/libs/libxml2/include,
					../../../addons/ofxSvg/libs/libxml2/include/libxml,
					../../../addons/ofxSvg/libs/libxml2/lib,
					../../../addons/ofxSvg/libs/libxml2/lib/emscripten,
					../../../addons/ofxSvg/libs/libxml2/lib/osx,
					../../../addons/ofxSvg/libs/libxml2/license,
					../../../addons/ofxSvg/libs/svgtiny,
					../../../addons/ofxSvg/libs/svgtiny/include,
					../../../addons/ofxSvg/libs/svgtiny/lib,
					../../../addons/ofxSvg/libs/svgtiny/lib/emscripten,
					../../../addons/ofxSvg/libs/svgtiny/lib/osx,
					../../../addons/ofxSvg/libs/svgtiny/license,
					../../../addons/ofxSvg/src,
					../../../addons/ofxTimeMeasurements/src,
				);
				MACOSX_DEPLOYMENT_TARGET = 10.9;
				OTHER_CPLUSPLUSFLAGS = (
					"-D__MACOSX_CORE__",
					"-mtune=native",
				);
				OTHER_LDFLAGS = (
					"$(OF_CORE_FRAMEWORKS)",
					"$(OF_CORE_LIBS)",
					"-F/System/Library/PrivateFrameworks",
					"-framework",
					MultitouchSupport,
					../../../addons/ofxSvg/libs/libxml2/lib/osx/xml2.a,
					../../../addons/ofxSvg/libs/svgtiny/lib/osx/svgtiny.a,
				);
				SDKROOT = macosx;
			};
			name = Release;
		};
		E4B69B600A3A1757003C02F2 /* Debug */ = {
			isa = XCBuildConfiguration;
			baseConfigurationReference = E4EB6923138AFD0F00A09F29 /* Project.xcconfig */;
			buildSettings = {
				COMBINE_HIDPI_IMAGES = YES;
				COPY_PHASE_STRIP = NO;
				FRAMEWORK_SEARCH_PATHS = "$(inherited)";
				GCC_DYNAMIC_NO_PIC = NO;
				GCC_GENERATE_DEBUGGING_SYMBOLS = YES;
				GCC_MODEL_TUNING = NONE;
				HEADER_SEARCH_PATHS = (
					"$(OF_CORE_HEADERS)",
					src,
					../../../addons/ofxFluidTools/src,
					../../../addons/ofxFluidTools/src/audio,
					../../../addons/ofxFluidTools/src/latest,
					../../../addons/ofxFluidTools/src/processors,
					../../../addons/ofxFluidTools/src/sources,
					../../../addons/ofxFluidTools/src/tools,
					../../../addons/ofxFluidUi/src,
					../../../addons/ofxFluidUi/src/core,
					../../../addons/ofxFluidUi/src/elements,
					../../../addons/ofxFluidUi/src/params,
					../../../addons/ofxJSON/libs,
					../../../addons/ofxJSON/libs/jsoncpp,
					../../../addons/ofxJSON/libs/jsoncpp/include,
					../../../addons/ofxJSON/libs/jsoncpp/include/json,
					../../../addons/ofxJSON/libs/jsoncpp/src,
					../../../addons/ofxJSON/src,
					../../../addons/ofxSvg/libs,
					../../../addons/ofxSvg/libs/libxml2,
					../../../addons/ofxSvg/libs/libxml2/include,
					../../../addons/ofxSvg/libs/libxml2/include/libxml,
					../../../addons/ofxSvg/libs/libxml2/lib,
					../../../addons/ofxSvg/libs/libxml2/lib/emscripten,
					../../../addons/ofxSvg/libs/libxml2/lib/osx,
					../../../addons/ofxSvg/libs/libxml2/license,
					../../../addons/ofxSvg/libs/svgtiny,
					../../../addons/ofxSvg/libs/svgtiny/include,
					../../../addons/ofxSvg/libs/svgtiny/lib,
					../../../addons/ofxSvg/libs/svgtiny/lib/emscripten,
					../../../addons/ofxSvg/libs/svgtiny/lib/osx,
					../../../addons/ofxSvg/libs/svgtiny/license,
					../../../addons/ofxSvg/src,
					../../../addons/ofxTimeMeasurements/src,
				);
				ICON = "$(ICON_NAME_DEBUG)";
				ICON_FILE = "$(ICON_FILE_PATH)$(ICON)";
				INFOPLIST_FILE = "openFrameworks-Info.plist";
				INSTALL_PATH = /Applications;
				LIBRARY_SEARCH_PATHS = "$(inherited)";
				OTHER_LDFLAGS = (
					"$(OF_CORE_FRAMEWORKS)",
					"$(OF_CORE_LIBS)",
					"-F/System/Library/PrivateFrameworks",
					"-framework",
					MultitouchSupport,
					../../../addons/ofxSvg/libs/libxml2/lib/osx/xml2.a,
					../../../addons/ofxSvg/libs/svgtiny/lib/osx/svgtiny.a,
				);
				PRODUCT_NAME = "$(TARGET_NAME)Debug";
				WRAPPER_EXTENSION = app;
			};
			name = Debug;
		};
		E4B69B610A3A1757003C02F2 /* Release */ = {
			isa = XCBuildConfiguration;
			baseConfigurationReference = E4EB6923138AFD0F00A09F29 /* Project.xcconfig */;
			buildSettings = {
				COMBINE_HIDPI_IMAGES = YES;
				COPY_PHASE_STRIP = YES;
				FRAMEWORK_SEARCH_PATHS = "$(inherited)";
				GCC_GENERATE_DEBUGGING_SYMBOLS = YES;
				GCC_MODEL_TUNING = NONE;
				HEADER_SEARCH_PATHS = (
					"$(OF_CORE_HEADERS)",
					src,
					../../../addons/ofxFluidTools/src,
					../../../addons/ofxFluidTools/src/audio,
					../../../addons/ofxFluidTools/src/latest,
					../../../addons/ofxFluidTools/src/processors,
					../../../addons/ofxFluidTools/src/sources,
					../../../addons/ofxFluidTools/src/tools,
					../../../addons/ofxFluidUi/src,
					../../../addons/ofxFluidUi/src/core,
					../../../addons/ofxFluidUi/src/elements,
					../../../addons/ofxFluidUi/src/params,
					../../../addons/ofxJSON/libs,
					../../../addons/ofxJSON/libs/jsoncpp,
					../../../addons/ofxJSON/libs/jsoncpp/include,
					../../../addons/ofxJSON/libs/jsoncpp/include/json,
					../../../addons/ofxJSON/libs/jsoncpp/src,
					../../../addons/ofxJSON/src,
					../../../addons/ofxSvg/libs,
					../../../addons/ofxSvg/libs/libxml2,
					../../../addons/ofxSvg/libs/libxml2/include,
					../../../addons/ofxSvg/libs/libxml2/include/libxml,
					../../../addons/ofxSvg/libs/libxml2/lib,
					../../../addons/ofxSvg/libs/libxml2/lib/emscripten,
					../../../addons/ofxSvg/libs/libxml2/lib/osx,
					../../../addons/ofxSvg/libs/libxml2/license,
					../../../addons/ofxSvg/libs/svgtiny,
					../../../addons/ofxSvg/libs/svgtiny/include,
					../../../addons/ofxSvg/libs/svgtiny/lib,
					../../../addons/ofxSvg/libs/svgtiny/lib/emscripten,
					../../../addons/ofxSvg/libs/svgtiny/lib/osx,
					../../../addons/ofxSvg/libs/svgtiny/license,
					../../../addons/ofxSvg/src,
					../../../addons/ofxTimeMeasurements/src,
				);
				ICON = "$(ICON_NAME_RELEASE)";
				ICON_FILE = "$(ICON_FILE_PATH)$(ICON)";
				INFOPLIST_FILE = "openFrameworks-Info.plist";
				INSTALL_PATH = /Applications;
				LIBRARY_SEARCH_PATHS = "$(inherited)";
				OTHER_LDFLAGS = (
					"$(OF_CORE_FRAMEWORKS)",
					"$(OF_CORE_LIBS)",
					"-F/System/Library/PrivateFrameworks",
					"-framework",
					MultitouchSupport,
					../../../addons/ofxSvg/libs/libxml2/lib/osx/xml2.a,
					../../../addons/ofxSvg/libs/svgtiny/lib/osx/svgtiny.a,
				);
				PRODUCT_NAME = "$(TARGET_NAME)";
				WRAPPER_EXTENSION = app;
				baseConfigurationReference = E4EB6923138AFD0F00A09F29;
			};
			name = Release;
		};
/* End XCBuildConfiguration section */

/* Begin XCConfigurationList section */
		E4B69B4D0A3A1720003C02F2 /* Build configuration list for PBXProject "video-player-pi" */ = {
			isa = XCConfigurationList;
			buildConfigurations = (
				E4B69B4E0A3A1720003C02F2 /* Debug */,
				E4B69B4F0A3A1720003C02F2 /* Release */,
				99FA3DBB1C7456C400CFA0EE /* AppStore */,
			);
			defaultConfigurationIsVisible = 0;
			defaultConfigurationName = Release;
		};
		E4B69B5F0A3A1757003C02F2 /* Build configuration list for PBXNativeTarget "video-player-pi" */ = {
			isa = XCConfigurationList;
			buildConfigurations = (
				E4B69B600A3A1757003C02F2 /* Debug */,
				E4B69B610A3A1757003C02F2 /* Release */,
				99FA3DBC1C7456C400CFA0EE /* AppStore */,
			);
			defaultConfigurationIsVisible = 0;
			defaultConfigurationName = Release;
		};
/* End XCConfigurationList section */
	};
	rootObject = E4B69B4C0A3A1720003C02F2 /* Project object */;
}
